// !$*UTF8*$!
{
	archiveVersion = 1;
	classes = {
	};
	objectVersion = 48;
	objects = {

/* Begin PBXBuildFile section */
		0FD21453C67FC52057647565 /* Pods_DemoTests.framework in Frameworks */ = {isa = PBXBuildFile; fileRef = 62699D8CDD01B057FAA89FBB /* Pods_DemoTests.framework */; };
		141305021F52FDFC00F1964F /* Model.xcdatamodeld in Sources */ = {isa = PBXBuildFile; fileRef = 141305001F52FDFC00F1964F /* Model.xcdatamodeld */; };
		141305051F52FF8E00F1964F /* CDPost.swift in Sources */ = {isa = PBXBuildFile; fileRef = 141305041F52FF8E00F1964F /* CDPost.swift */; };
		141305071F53065000F1964F /* CDUser.swift in Sources */ = {isa = PBXBuildFile; fileRef = 141305061F53065000F1964F /* CDUser.swift */; };
		141305091F53120900F1964F /* CDStack.swift in Sources */ = {isa = PBXBuildFile; fileRef = 141305081F53120900F1964F /* CDStack.swift */; };
		1413050B1F531F4A00F1964F /* PostsCDDatabaseDataController.swift in Sources */ = {isa = PBXBuildFile; fileRef = 1413050A1F531F4A00F1964F /* PostsCDDatabaseDataController.swift */; };
		141E675F1F50ABC100A37114 /* AppDelegate.swift in Sources */ = {isa = PBXBuildFile; fileRef = 141E675E1F50ABC100A37114 /* AppDelegate.swift */; };
		141E67661F50ABC100A37114 /* Assets.xcassets in Resources */ = {isa = PBXBuildFile; fileRef = 141E67651F50ABC100A37114 /* Assets.xcassets */; };
		141E67691F50ABC100A37114 /* LaunchScreen.storyboard in Resources */ = {isa = PBXBuildFile; fileRef = 141E67671F50ABC100A37114 /* LaunchScreen.storyboard */; };
		141E67821F50AE5800A37114 /* PostsViewController.swift in Sources */ = {isa = PBXBuildFile; fileRef = 141E67801F50AE5800A37114 /* PostsViewController.swift */; };
		141E67831F50AE5800A37114 /* PostsViewController.xib in Resources */ = {isa = PBXBuildFile; fileRef = 141E67811F50AE5800A37114 /* PostsViewController.xib */; };
		1423F4E81F5ED92900E6BB3B /* Localizable.strings in Resources */ = {isa = PBXBuildFile; fileRef = 1423F4E61F5ED92900E6BB3B /* Localizable.strings */; };
		1423F4EA1F5EDAAA00E6BB3B /* Localizable.swift in Sources */ = {isa = PBXBuildFile; fileRef = 1423F4E91F5EDAAA00E6BB3B /* Localizable.swift */; };
		1423F4EB1F5EDB2B00E6BB3B /* Localizable.swift in Sources */ = {isa = PBXBuildFile; fileRef = 1423F4E91F5EDAAA00E6BB3B /* Localizable.swift */; };
		1423F4EE1F5EDC2A00E6BB3B /* PostsViewModelTests.swift in Sources */ = {isa = PBXBuildFile; fileRef = 1423F4ED1F5EDC2A00E6BB3B /* PostsViewModelTests.swift */; };
		1423F4EF1F5EDCFB00E6BB3B /* PostsViewModel.swift in Sources */ = {isa = PBXBuildFile; fileRef = 1434B4301F535CAF0062EA32 /* PostsViewModel.swift */; };
		1423F4F01F5EDD2D00E6BB3B /* PostTableViewCellViewModel.swift in Sources */ = {isa = PBXBuildFile; fileRef = 1436EE7A1F50B95000BCB4A6 /* PostTableViewCellViewModel.swift */; };
		1423F4F11F5EDD3400E6BB3B /* PostsViewModelProtocol.swift in Sources */ = {isa = PBXBuildFile; fileRef = 14648C8D1F59CE3C00CC33AF /* PostsViewModelProtocol.swift */; };
		1423F4F21F5EDD3E00E6BB3B /* PostsViewControllerDelegate.swift in Sources */ = {isa = PBXBuildFile; fileRef = 14648C8B1F59CD2D00CC33AF /* PostsViewControllerDelegate.swift */; };
		1423F4F31F5EE00200E6BB3B /* PostTableViewCellViewModelProtocol.swift in Sources */ = {isa = PBXBuildFile; fileRef = 14648C8F1F59CF1200CC33AF /* PostTableViewCellViewModelProtocol.swift */; };
		1423F4F51F5EE2C900E6BB3B /* FakePostsDataController.swift in Sources */ = {isa = PBXBuildFile; fileRef = 1423F4F41F5EE2C900E6BB3B /* FakePostsDataController.swift */; };
		1423F4F71F5EE2DA00E6BB3B /* FakePostsViewControllerDelegate.swift in Sources */ = {isa = PBXBuildFile; fileRef = 1423F4F61F5EE2DA00E6BB3B /* FakePostsViewControllerDelegate.swift */; };
		1423F4F91F5EE37300E6BB3B /* CDComment.swift in Sources */ = {isa = PBXBuildFile; fileRef = 1423F4F81F5EE37300E6BB3B /* CDComment.swift */; };
		1423F4FB1F5EE54A00E6BB3B /* Comment.swift in Sources */ = {isa = PBXBuildFile; fileRef = 1423F4FA1F5EE54A00E6BB3B /* Comment.swift */; };
		1423F4FC1F5EE66400E6BB3B /* User.swift in Sources */ = {isa = PBXBuildFile; fileRef = 1436EE721F50B4FF00BCB4A6 /* User.swift */; };
		1423F4FD1F5EE66800E6BB3B /* Comment.swift in Sources */ = {isa = PBXBuildFile; fileRef = 1423F4FA1F5EE54A00E6BB3B /* Comment.swift */; };
		1423F4FE1F5EE66C00E6BB3B /* CDComment.swift in Sources */ = {isa = PBXBuildFile; fileRef = 1423F4F81F5EE37300E6BB3B /* CDComment.swift */; };
		1423F4FF1F5EE6C400E6BB3B /* CDUser.swift in Sources */ = {isa = PBXBuildFile; fileRef = 141305061F53065000F1964F /* CDUser.swift */; };
		1432E8481F534C1C008D3F1F /* AppCoordinator.swift in Sources */ = {isa = PBXBuildFile; fileRef = 1432E8471F534C1C008D3F1F /* AppCoordinator.swift */; };
		1432E84A1F535097008D3F1F /* OptionalProtocol.swift in Sources */ = {isa = PBXBuildFile; fileRef = 1432E8491F535097008D3F1F /* OptionalProtocol.swift */; };
		1432E84C1F535100008D3F1F /* ObservableType+Optional.swift in Sources */ = {isa = PBXBuildFile; fileRef = 1432E84B1F535100008D3F1F /* ObservableType+Optional.swift */; };
		1434B4311F535CAF0062EA32 /* PostsViewModel.swift in Sources */ = {isa = PBXBuildFile; fileRef = 1434B4301F535CAF0062EA32 /* PostsViewModel.swift */; };
		1434B4331F535D090062EA32 /* UIViewController+Reactive.swift in Sources */ = {isa = PBXBuildFile; fileRef = 1434B4321F535D090062EA32 /* UIViewController+Reactive.swift */; };
		1434B4351F535D2F0062EA32 /* UIAlertController+DemoError.swift in Sources */ = {isa = PBXBuildFile; fileRef = 1434B4341F535D2F0062EA32 /* UIAlertController+DemoError.swift */; };
		1435DE0C1F55C79100A58F26 /* PostDetailsViewController.swift in Sources */ = {isa = PBXBuildFile; fileRef = 1435DE0A1F55C79100A58F26 /* PostDetailsViewController.swift */; };
		1435DE0D1F55C79100A58F26 /* PostDetailsViewController.xib in Resources */ = {isa = PBXBuildFile; fileRef = 1435DE0B1F55C79100A58F26 /* PostDetailsViewController.xib */; };
		1436EE651F50B2CF00BCB4A6 /* UITableView+ReusableCell.swift in Sources */ = {isa = PBXBuildFile; fileRef = 1436EE641F50B2CF00BCB4A6 /* UITableView+ReusableCell.swift */; };
		1436EE681F50B2E900BCB4A6 /* ReusableCell.swift in Sources */ = {isa = PBXBuildFile; fileRef = 1436EE671F50B2E900BCB4A6 /* ReusableCell.swift */; };
		1436EE6D1F50B42B00BCB4A6 /* PostTableViewCell.swift in Sources */ = {isa = PBXBuildFile; fileRef = 1436EE6B1F50B42B00BCB4A6 /* PostTableViewCell.swift */; };
		1436EE6E1F50B42B00BCB4A6 /* PostTableViewCell.xib in Resources */ = {isa = PBXBuildFile; fileRef = 1436EE6C1F50B42B00BCB4A6 /* PostTableViewCell.xib */; };
		1436EE711F50B4E800BCB4A6 /* Post.swift in Sources */ = {isa = PBXBuildFile; fileRef = 1436EE701F50B4E800BCB4A6 /* Post.swift */; };
		1436EE731F50B4FF00BCB4A6 /* User.swift in Sources */ = {isa = PBXBuildFile; fileRef = 1436EE721F50B4FF00BCB4A6 /* User.swift */; };
		1436EE761F50B6B700BCB4A6 /* Layout.swift in Sources */ = {isa = PBXBuildFile; fileRef = 1436EE751F50B6B700BCB4A6 /* Layout.swift */; };
		1436EE7B1F50B95000BCB4A6 /* PostTableViewCellViewModel.swift in Sources */ = {isa = PBXBuildFile; fileRef = 1436EE7A1F50B95000BCB4A6 /* PostTableViewCellViewModel.swift */; };
		1436EE7D1F50C4CB00BCB4A6 /* UITableView+Reactive.swift in Sources */ = {isa = PBXBuildFile; fileRef = 1436EE7C1F50C4CB00BCB4A6 /* UITableView+Reactive.swift */; };
		1436EE7F1F50C51000BCB4A6 /* ReusableTableViewCell.swift in Sources */ = {isa = PBXBuildFile; fileRef = 1436EE7E1F50C51000BCB4A6 /* ReusableTableViewCell.swift */; };
		1445F8AA1F59D501000E581A /* NetworkProtocol.swift in Sources */ = {isa = PBXBuildFile; fileRef = 14648C981F59D16800CC33AF /* NetworkProtocol.swift */; };
		1445F8AB1F59D516000E581A /* Post.swift in Sources */ = {isa = PBXBuildFile; fileRef = 1436EE701F50B4E800BCB4A6 /* Post.swift */; };
		1445F8AC1F59D523000E581A /* DemoError.swift in Sources */ = {isa = PBXBuildFile; fileRef = 147D2B821F51AC17003CAF1A /* DemoError.swift */; };
		1445F8AD1F59D52E000E581A /* PostsDataControllerProtocol.swift in Sources */ = {isa = PBXBuildFile; fileRef = 147D2B871F51ADDC003CAF1A /* PostsDataControllerProtocol.swift */; };
		1445F8AE1F59D542000E581A /* PostsService.swift in Sources */ = {isa = PBXBuildFile; fileRef = 147D2B7A1F50C922003CAF1A /* PostsService.swift */; };
		1445F8AF1F59D54F000E581A /* NetworkPost.swift in Sources */ = {isa = PBXBuildFile; fileRef = 147D2B7E1F50CF3B003CAF1A /* NetworkPost.swift */; };
		1445F8B01F59D571000E581A /* ObservableType+ErrorHandling.swift in Sources */ = {isa = PBXBuildFile; fileRef = 147D2B841F51AC74003CAF1A /* ObservableType+ErrorHandling.swift */; };
		1445F8B21F59D64C000E581A /* Quick+Aliases.swift in Sources */ = {isa = PBXBuildFile; fileRef = 1445F8B11F59D64C000E581A /* Quick+Aliases.swift */; };
		1445F8B31F59FAA1000E581A /* ObservableType+Optional.swift in Sources */ = {isa = PBXBuildFile; fileRef = 1432E84B1F535100008D3F1F /* ObservableType+Optional.swift */; };
		1445F8B41F59FADB000E581A /* OptionalProtocol.swift in Sources */ = {isa = PBXBuildFile; fileRef = 1432E8491F535097008D3F1F /* OptionalProtocol.swift */; };
		1445F8B71F5A03F0000E581A /* FakeNetwork.swift in Sources */ = {isa = PBXBuildFile; fileRef = 1445F8B61F5A03F0000E581A /* FakeNetwork.swift */; };
		1445F8B91F5A041F000E581A /* Rx+Equatable.swift in Sources */ = {isa = PBXBuildFile; fileRef = 1445F8B81F5A041F000E581A /* Rx+Equatable.swift */; };
		1445F8BB1F5AC4EC000E581A /* CDStackProtocol.swift in Sources */ = {isa = PBXBuildFile; fileRef = 1445F8BA1F5AC4EC000E581A /* CDStackProtocol.swift */; };
		1445F8BC1F5AC4EC000E581A /* CDStackProtocol.swift in Sources */ = {isa = PBXBuildFile; fileRef = 1445F8BA1F5AC4EC000E581A /* CDStackProtocol.swift */; };
		14648C891F59CACF00CC33AF /* PostsCoordinator.swift in Sources */ = {isa = PBXBuildFile; fileRef = 14648C881F59CACF00CC33AF /* PostsCoordinator.swift */; };
		14648C8C1F59CD2D00CC33AF /* PostsViewControllerDelegate.swift in Sources */ = {isa = PBXBuildFile; fileRef = 14648C8B1F59CD2D00CC33AF /* PostsViewControllerDelegate.swift */; };
		14648C8E1F59CE3C00CC33AF /* PostsViewModelProtocol.swift in Sources */ = {isa = PBXBuildFile; fileRef = 14648C8D1F59CE3C00CC33AF /* PostsViewModelProtocol.swift */; };
		14648C901F59CF1200CC33AF /* PostTableViewCellViewModelProtocol.swift in Sources */ = {isa = PBXBuildFile; fileRef = 14648C8F1F59CF1200CC33AF /* PostTableViewCellViewModelProtocol.swift */; };
		14648C951F59D0CA00CC33AF /* PostsNetworkDataControllerTests.swift in Sources */ = {isa = PBXBuildFile; fileRef = 14648C941F59D0CA00CC33AF /* PostsNetworkDataControllerTests.swift */; };
		14648C961F59D0FC00CC33AF /* PostsNetworkDataController.swift in Sources */ = {isa = PBXBuildFile; fileRef = 147D2B801F50D989003CAF1A /* PostsNetworkDataController.swift */; };
		14648C971F59D10200CC33AF /* Network.swift in Sources */ = {isa = PBXBuildFile; fileRef = 147D2B7C1F50CD05003CAF1A /* Network.swift */; };
		14648C991F59D16800CC33AF /* NetworkProtocol.swift in Sources */ = {isa = PBXBuildFile; fileRef = 14648C981F59D16800CC33AF /* NetworkProtocol.swift */; };
		147A5D301F5EEA15007A89B0 /* NetworkUser.swift in Sources */ = {isa = PBXBuildFile; fileRef = 147A5D2F1F5EEA15007A89B0 /* NetworkUser.swift */; };
		147A5D311F5EEA15007A89B0 /* NetworkUser.swift in Sources */ = {isa = PBXBuildFile; fileRef = 147A5D2F1F5EEA15007A89B0 /* NetworkUser.swift */; };
		147A5D331F5EEA1D007A89B0 /* NetworkComment.swift in Sources */ = {isa = PBXBuildFile; fileRef = 147A5D321F5EEA1D007A89B0 /* NetworkComment.swift */; };
		147A5D341F5EEA1D007A89B0 /* NetworkComment.swift in Sources */ = {isa = PBXBuildFile; fileRef = 147A5D321F5EEA1D007A89B0 /* NetworkComment.swift */; };
		147A5D361F5F2D15007A89B0 /* PostsNetworkDataControllerProtocol.swift in Sources */ = {isa = PBXBuildFile; fileRef = 147A5D351F5F2D15007A89B0 /* PostsNetworkDataControllerProtocol.swift */; };
		147A5D371F5F2D15007A89B0 /* PostsNetworkDataControllerProtocol.swift in Sources */ = {isa = PBXBuildFile; fileRef = 147A5D351F5F2D15007A89B0 /* PostsNetworkDataControllerProtocol.swift */; };
		147D2B7B1F50C922003CAF1A /* PostsService.swift in Sources */ = {isa = PBXBuildFile; fileRef = 147D2B7A1F50C922003CAF1A /* PostsService.swift */; };
		147D2B7D1F50CD05003CAF1A /* Network.swift in Sources */ = {isa = PBXBuildFile; fileRef = 147D2B7C1F50CD05003CAF1A /* Network.swift */; };
		147D2B7F1F50CF3B003CAF1A /* NetworkPost.swift in Sources */ = {isa = PBXBuildFile; fileRef = 147D2B7E1F50CF3B003CAF1A /* NetworkPost.swift */; };
		147D2B811F50D989003CAF1A /* PostsNetworkDataController.swift in Sources */ = {isa = PBXBuildFile; fileRef = 147D2B801F50D989003CAF1A /* PostsNetworkDataController.swift */; };
		147D2B831F51AC17003CAF1A /* DemoError.swift in Sources */ = {isa = PBXBuildFile; fileRef = 147D2B821F51AC17003CAF1A /* DemoError.swift */; };
		147D2B851F51AC74003CAF1A /* ObservableType+ErrorHandling.swift in Sources */ = {isa = PBXBuildFile; fileRef = 147D2B841F51AC74003CAF1A /* ObservableType+ErrorHandling.swift */; };
		147D2B881F51ADDC003CAF1A /* PostsDataControllerProtocol.swift in Sources */ = {isa = PBXBuildFile; fileRef = 147D2B871F51ADDC003CAF1A /* PostsDataControllerProtocol.swift */; };
		147D2B8B1F51AE26003CAF1A /* PostsDataController.swift in Sources */ = {isa = PBXBuildFile; fileRef = 147D2B8A1F51AE26003CAF1A /* PostsDataController.swift */; };
		147D2B8D1F51AE88003CAF1A /* CompositeDataControllerProtocol.swift in Sources */ = {isa = PBXBuildFile; fileRef = 147D2B8C1F51AE88003CAF1A /* CompositeDataControllerProtocol.swift */; };
		14A1754A1F53453A0017816D /* NSManagedObjectContext+Save.swift in Sources */ = {isa = PBXBuildFile; fileRef = 14A175491F53453A0017816D /* NSManagedObjectContext+Save.swift */; };
		14A1754D1F5349BD0017816D /* CDManagedProtocol.swift in Sources */ = {isa = PBXBuildFile; fileRef = 14A1754C1F5349BD0017816D /* CDManagedProtocol.swift */; };
		14A1754F1F534A450017816D /* PostsDatabaseDataControllerProtocol.swift in Sources */ = {isa = PBXBuildFile; fileRef = 14A1754E1F534A450017816D /* PostsDatabaseDataControllerProtocol.swift */; };
		14A175521F534B240017816D /* Coordinator.swift in Sources */ = {isa = PBXBuildFile; fileRef = 14A175511F534B240017816D /* Coordinator.swift */; };
		14DED3781F5C7AC8005EF418 /* CDManagedProtocol.swift in Sources */ = {isa = PBXBuildFile; fileRef = 14A1754C1F5349BD0017816D /* CDManagedProtocol.swift */; };
		14DED37A1F5C9773005EF418 /* PostsCDDatabaseDataControllerTests.swift in Sources */ = {isa = PBXBuildFile; fileRef = 14DED3791F5C9773005EF418 /* PostsCDDatabaseDataControllerTests.swift */; };
		14DED37B1F5C97AC005EF418 /* PostsCDDatabaseDataController.swift in Sources */ = {isa = PBXBuildFile; fileRef = 1413050A1F531F4A00F1964F /* PostsCDDatabaseDataController.swift */; };
		14DED37D1F5C97E3005EF418 /* FakeCDStack.swift in Sources */ = {isa = PBXBuildFile; fileRef = 14DED37C1F5C97E3005EF418 /* FakeCDStack.swift */; };
		14DED37E1F5C995D005EF418 /* PostsDatabaseDataControllerProtocol.swift in Sources */ = {isa = PBXBuildFile; fileRef = 14A1754E1F534A450017816D /* PostsDatabaseDataControllerProtocol.swift */; };
		14DED37F1F5C996E005EF418 /* CDPost.swift in Sources */ = {isa = PBXBuildFile; fileRef = 141305041F52FF8E00F1964F /* CDPost.swift */; };
		192D0BE55ED86B6608663307 /* Pods_Demo.framework in Frameworks */ = {isa = PBXBuildFile; fileRef = 6E84F0BD358818E3F301E068 /* Pods_Demo.framework */; };
/* End PBXBuildFile section */

/* Begin PBXContainerItemProxy section */
		141E67791F50AC3400A37114 /* PBXContainerItemProxy */ = {
			isa = PBXContainerItemProxy;
			containerPortal = 141E67531F50ABC100A37114 /* Project object */;
			proxyType = 1;
			remoteGlobalIDString = 141E675A1F50ABC100A37114;
			remoteInfo = Demo;
		};
/* End PBXContainerItemProxy section */

/* Begin PBXFileReference section */
		0EBF1490389F93F5DAEE11EF /* Pods-Demo.debug.xcconfig */ = {isa = PBXFileReference; includeInIndex = 1; lastKnownFileType = text.xcconfig; name = "Pods-Demo.debug.xcconfig"; path = "Pods/Target Support Files/Pods-Demo/Pods-Demo.debug.xcconfig"; sourceTree = "<group>"; };
		141305011F52FDFC00F1964F /* Model.xcdatamodel */ = {isa = PBXFileReference; lastKnownFileType = wrapper.xcdatamodel; path = Model.xcdatamodel; sourceTree = "<group>"; };
		141305041F52FF8E00F1964F /* CDPost.swift */ = {isa = PBXFileReference; lastKnownFileType = sourcecode.swift; path = CDPost.swift; sourceTree = "<group>"; };
		141305061F53065000F1964F /* CDUser.swift */ = {isa = PBXFileReference; lastKnownFileType = sourcecode.swift; path = CDUser.swift; sourceTree = "<group>"; };
		141305081F53120900F1964F /* CDStack.swift */ = {isa = PBXFileReference; lastKnownFileType = sourcecode.swift; path = CDStack.swift; sourceTree = "<group>"; };
		1413050A1F531F4A00F1964F /* PostsCDDatabaseDataController.swift */ = {isa = PBXFileReference; lastKnownFileType = sourcecode.swift; path = PostsCDDatabaseDataController.swift; sourceTree = "<group>"; };
		141E675B1F50ABC100A37114 /* Demo.app */ = {isa = PBXFileReference; explicitFileType = wrapper.application; includeInIndex = 0; path = Demo.app; sourceTree = BUILT_PRODUCTS_DIR; };
		141E675E1F50ABC100A37114 /* AppDelegate.swift */ = {isa = PBXFileReference; lastKnownFileType = sourcecode.swift; path = AppDelegate.swift; sourceTree = "<group>"; };
		141E67651F50ABC100A37114 /* Assets.xcassets */ = {isa = PBXFileReference; lastKnownFileType = folder.assetcatalog; path = Assets.xcassets; sourceTree = "<group>"; };
		141E67681F50ABC100A37114 /* Base */ = {isa = PBXFileReference; lastKnownFileType = file.storyboard; name = Base; path = Base.lproj/LaunchScreen.storyboard; sourceTree = "<group>"; };
		141E676A1F50ABC100A37114 /* Info.plist */ = {isa = PBXFileReference; lastKnownFileType = text.plist.xml; path = Info.plist; sourceTree = "<group>"; };
		141E67741F50AC3400A37114 /* DemoTests.xctest */ = {isa = PBXFileReference; explicitFileType = wrapper.cfbundle; includeInIndex = 0; path = DemoTests.xctest; sourceTree = BUILT_PRODUCTS_DIR; };
		141E67781F50AC3400A37114 /* Info.plist */ = {isa = PBXFileReference; lastKnownFileType = text.plist.xml; path = Info.plist; sourceTree = "<group>"; };
		141E67801F50AE5800A37114 /* PostsViewController.swift */ = {isa = PBXFileReference; lastKnownFileType = sourcecode.swift; path = PostsViewController.swift; sourceTree = "<group>"; };
		141E67811F50AE5800A37114 /* PostsViewController.xib */ = {isa = PBXFileReference; lastKnownFileType = file.xib; path = PostsViewController.xib; sourceTree = "<group>"; };
		1423F4E71F5ED92900E6BB3B /* en */ = {isa = PBXFileReference; lastKnownFileType = text.plist.strings; name = en; path = Localizable.strings; sourceTree = "<group>"; };
		1423F4E91F5EDAAA00E6BB3B /* Localizable.swift */ = {isa = PBXFileReference; lastKnownFileType = sourcecode.swift; path = Localizable.swift; sourceTree = "<group>"; };
		1423F4ED1F5EDC2A00E6BB3B /* PostsViewModelTests.swift */ = {isa = PBXFileReference; lastKnownFileType = sourcecode.swift; path = PostsViewModelTests.swift; sourceTree = "<group>"; };
		1423F4F41F5EE2C900E6BB3B /* FakePostsDataController.swift */ = {isa = PBXFileReference; lastKnownFileType = sourcecode.swift; path = FakePostsDataController.swift; sourceTree = "<group>"; };
		1423F4F61F5EE2DA00E6BB3B /* FakePostsViewControllerDelegate.swift */ = {isa = PBXFileReference; lastKnownFileType = sourcecode.swift; path = FakePostsViewControllerDelegate.swift; sourceTree = "<group>"; };
		1423F4F81F5EE37300E6BB3B /* CDComment.swift */ = {isa = PBXFileReference; lastKnownFileType = sourcecode.swift; path = CDComment.swift; sourceTree = "<group>"; };
		1423F4FA1F5EE54A00E6BB3B /* Comment.swift */ = {isa = PBXFileReference; lastKnownFileType = sourcecode.swift; path = Comment.swift; sourceTree = "<group>"; };
		1432E8471F534C1C008D3F1F /* AppCoordinator.swift */ = {isa = PBXFileReference; lastKnownFileType = sourcecode.swift; path = AppCoordinator.swift; sourceTree = "<group>"; };
		1432E8491F535097008D3F1F /* OptionalProtocol.swift */ = {isa = PBXFileReference; lastKnownFileType = sourcecode.swift; path = OptionalProtocol.swift; sourceTree = "<group>"; };
		1432E84B1F535100008D3F1F /* ObservableType+Optional.swift */ = {isa = PBXFileReference; lastKnownFileType = sourcecode.swift; path = "ObservableType+Optional.swift"; sourceTree = "<group>"; };
		1434B4301F535CAF0062EA32 /* PostsViewModel.swift */ = {isa = PBXFileReference; lastKnownFileType = sourcecode.swift; path = PostsViewModel.swift; sourceTree = "<group>"; };
		1434B4321F535D090062EA32 /* UIViewController+Reactive.swift */ = {isa = PBXFileReference; lastKnownFileType = sourcecode.swift; path = "UIViewController+Reactive.swift"; sourceTree = "<group>"; };
		1434B4341F535D2F0062EA32 /* UIAlertController+DemoError.swift */ = {isa = PBXFileReference; lastKnownFileType = sourcecode.swift; path = "UIAlertController+DemoError.swift"; sourceTree = "<group>"; };
		1435DE0A1F55C79100A58F26 /* PostDetailsViewController.swift */ = {isa = PBXFileReference; lastKnownFileType = sourcecode.swift; path = PostDetailsViewController.swift; sourceTree = "<group>"; };
		1435DE0B1F55C79100A58F26 /* PostDetailsViewController.xib */ = {isa = PBXFileReference; lastKnownFileType = file.xib; path = PostDetailsViewController.xib; sourceTree = "<group>"; };
		1436EE641F50B2CF00BCB4A6 /* UITableView+ReusableCell.swift */ = {isa = PBXFileReference; lastKnownFileType = sourcecode.swift; path = "UITableView+ReusableCell.swift"; sourceTree = "<group>"; };
		1436EE671F50B2E900BCB4A6 /* ReusableCell.swift */ = {isa = PBXFileReference; lastKnownFileType = sourcecode.swift; path = ReusableCell.swift; sourceTree = "<group>"; };
		1436EE6B1F50B42B00BCB4A6 /* PostTableViewCell.swift */ = {isa = PBXFileReference; lastKnownFileType = sourcecode.swift; path = PostTableViewCell.swift; sourceTree = "<group>"; };
		1436EE6C1F50B42B00BCB4A6 /* PostTableViewCell.xib */ = {isa = PBXFileReference; lastKnownFileType = file.xib; path = PostTableViewCell.xib; sourceTree = "<group>"; };
		1436EE701F50B4E800BCB4A6 /* Post.swift */ = {isa = PBXFileReference; lastKnownFileType = sourcecode.swift; path = Post.swift; sourceTree = "<group>"; };
		1436EE721F50B4FF00BCB4A6 /* User.swift */ = {isa = PBXFileReference; lastKnownFileType = sourcecode.swift; path = User.swift; sourceTree = "<group>"; };
		1436EE751F50B6B700BCB4A6 /* Layout.swift */ = {isa = PBXFileReference; lastKnownFileType = sourcecode.swift; path = Layout.swift; sourceTree = "<group>"; };
		1436EE7A1F50B95000BCB4A6 /* PostTableViewCellViewModel.swift */ = {isa = PBXFileReference; lastKnownFileType = sourcecode.swift; path = PostTableViewCellViewModel.swift; sourceTree = "<group>"; };
		1436EE7C1F50C4CB00BCB4A6 /* UITableView+Reactive.swift */ = {isa = PBXFileReference; lastKnownFileType = sourcecode.swift; path = "UITableView+Reactive.swift"; sourceTree = "<group>"; };
		1436EE7E1F50C51000BCB4A6 /* ReusableTableViewCell.swift */ = {isa = PBXFileReference; lastKnownFileType = sourcecode.swift; name = ReusableTableViewCell.swift; path = Demo/Types/ReusableTableViewCell.swift; sourceTree = SOURCE_ROOT; };
		1445F8B11F59D64C000E581A /* Quick+Aliases.swift */ = {isa = PBXFileReference; lastKnownFileType = sourcecode.swift; path = "Quick+Aliases.swift"; sourceTree = "<group>"; };
		1445F8B61F5A03F0000E581A /* FakeNetwork.swift */ = {isa = PBXFileReference; lastKnownFileType = sourcecode.swift; path = FakeNetwork.swift; sourceTree = "<group>"; };
		1445F8B81F5A041F000E581A /* Rx+Equatable.swift */ = {isa = PBXFileReference; lastKnownFileType = sourcecode.swift; path = "Rx+Equatable.swift"; sourceTree = "<group>"; };
		1445F8BA1F5AC4EC000E581A /* CDStackProtocol.swift */ = {isa = PBXFileReference; lastKnownFileType = sourcecode.swift; path = CDStackProtocol.swift; sourceTree = "<group>"; };
		14648C881F59CACF00CC33AF /* PostsCoordinator.swift */ = {isa = PBXFileReference; lastKnownFileType = sourcecode.swift; path = PostsCoordinator.swift; sourceTree = "<group>"; };
		14648C8B1F59CD2D00CC33AF /* PostsViewControllerDelegate.swift */ = {isa = PBXFileReference; lastKnownFileType = sourcecode.swift; path = PostsViewControllerDelegate.swift; sourceTree = "<group>"; };
		14648C8D1F59CE3C00CC33AF /* PostsViewModelProtocol.swift */ = {isa = PBXFileReference; lastKnownFileType = sourcecode.swift; path = PostsViewModelProtocol.swift; sourceTree = "<group>"; };
		14648C8F1F59CF1200CC33AF /* PostTableViewCellViewModelProtocol.swift */ = {isa = PBXFileReference; lastKnownFileType = sourcecode.swift; path = PostTableViewCellViewModelProtocol.swift; sourceTree = "<group>"; };
		14648C941F59D0CA00CC33AF /* PostsNetworkDataControllerTests.swift */ = {isa = PBXFileReference; lastKnownFileType = sourcecode.swift; path = PostsNetworkDataControllerTests.swift; sourceTree = "<group>"; };
		14648C981F59D16800CC33AF /* NetworkProtocol.swift */ = {isa = PBXFileReference; lastKnownFileType = sourcecode.swift; path = NetworkProtocol.swift; sourceTree = "<group>"; };
		147A5D2F1F5EEA15007A89B0 /* NetworkUser.swift */ = {isa = PBXFileReference; lastKnownFileType = sourcecode.swift; path = NetworkUser.swift; sourceTree = "<group>"; };
		147A5D321F5EEA1D007A89B0 /* NetworkComment.swift */ = {isa = PBXFileReference; lastKnownFileType = sourcecode.swift; path = NetworkComment.swift; sourceTree = "<group>"; };
		147A5D351F5F2D15007A89B0 /* PostsNetworkDataControllerProtocol.swift */ = {isa = PBXFileReference; lastKnownFileType = sourcecode.swift; path = PostsNetworkDataControllerProtocol.swift; sourceTree = "<group>"; };
		147D2B7A1F50C922003CAF1A /* PostsService.swift */ = {isa = PBXFileReference; lastKnownFileType = sourcecode.swift; path = PostsService.swift; sourceTree = "<group>"; };
		147D2B7C1F50CD05003CAF1A /* Network.swift */ = {isa = PBXFileReference; lastKnownFileType = sourcecode.swift; path = Network.swift; sourceTree = "<group>"; };
		147D2B7E1F50CF3B003CAF1A /* NetworkPost.swift */ = {isa = PBXFileReference; lastKnownFileType = sourcecode.swift; path = NetworkPost.swift; sourceTree = "<group>"; };
		147D2B801F50D989003CAF1A /* PostsNetworkDataController.swift */ = {isa = PBXFileReference; lastKnownFileType = sourcecode.swift; path = PostsNetworkDataController.swift; sourceTree = "<group>"; };
		147D2B821F51AC17003CAF1A /* DemoError.swift */ = {isa = PBXFileReference; lastKnownFileType = sourcecode.swift; path = DemoError.swift; sourceTree = "<group>"; };
		147D2B841F51AC74003CAF1A /* ObservableType+ErrorHandling.swift */ = {isa = PBXFileReference; lastKnownFileType = sourcecode.swift; path = "ObservableType+ErrorHandling.swift"; sourceTree = "<group>"; };
		147D2B871F51ADDC003CAF1A /* PostsDataControllerProtocol.swift */ = {isa = PBXFileReference; lastKnownFileType = sourcecode.swift; path = PostsDataControllerProtocol.swift; sourceTree = "<group>"; };
		147D2B8A1F51AE26003CAF1A /* PostsDataController.swift */ = {isa = PBXFileReference; lastKnownFileType = sourcecode.swift; path = PostsDataController.swift; sourceTree = "<group>"; };
		147D2B8C1F51AE88003CAF1A /* CompositeDataControllerProtocol.swift */ = {isa = PBXFileReference; lastKnownFileType = sourcecode.swift; path = CompositeDataControllerProtocol.swift; sourceTree = "<group>"; };
		14A175491F53453A0017816D /* NSManagedObjectContext+Save.swift */ = {isa = PBXFileReference; lastKnownFileType = sourcecode.swift; path = "NSManagedObjectContext+Save.swift"; sourceTree = "<group>"; };
		14A1754C1F5349BD0017816D /* CDManagedProtocol.swift */ = {isa = PBXFileReference; lastKnownFileType = sourcecode.swift; path = CDManagedProtocol.swift; sourceTree = "<group>"; };
		14A1754E1F534A450017816D /* PostsDatabaseDataControllerProtocol.swift */ = {isa = PBXFileReference; lastKnownFileType = sourcecode.swift; path = PostsDatabaseDataControllerProtocol.swift; sourceTree = "<group>"; };
		14A175511F534B240017816D /* Coordinator.swift */ = {isa = PBXFileReference; lastKnownFileType = sourcecode.swift; path = Coordinator.swift; sourceTree = "<group>"; };
		14DED3791F5C9773005EF418 /* PostsCDDatabaseDataControllerTests.swift */ = {isa = PBXFileReference; lastKnownFileType = sourcecode.swift; path = PostsCDDatabaseDataControllerTests.swift; sourceTree = "<group>"; };
		14DED37C1F5C97E3005EF418 /* FakeCDStack.swift */ = {isa = PBXFileReference; lastKnownFileType = sourcecode.swift; path = FakeCDStack.swift; sourceTree = "<group>"; };
		59B7E98A4A700125294BB3A1 /* Pods-DemoTests.release.xcconfig */ = {isa = PBXFileReference; includeInIndex = 1; lastKnownFileType = text.xcconfig; name = "Pods-DemoTests.release.xcconfig"; path = "Pods/Target Support Files/Pods-DemoTests/Pods-DemoTests.release.xcconfig"; sourceTree = "<group>"; };
		62699D8CDD01B057FAA89FBB /* Pods_DemoTests.framework */ = {isa = PBXFileReference; explicitFileType = wrapper.framework; includeInIndex = 0; path = Pods_DemoTests.framework; sourceTree = BUILT_PRODUCTS_DIR; };
		6E84F0BD358818E3F301E068 /* Pods_Demo.framework */ = {isa = PBXFileReference; explicitFileType = wrapper.framework; includeInIndex = 0; path = Pods_Demo.framework; sourceTree = BUILT_PRODUCTS_DIR; };
		D15A5CE82C1D1E50BC83E21E /* Pods-DemoTests.debug.xcconfig */ = {isa = PBXFileReference; includeInIndex = 1; lastKnownFileType = text.xcconfig; name = "Pods-DemoTests.debug.xcconfig"; path = "Pods/Target Support Files/Pods-DemoTests/Pods-DemoTests.debug.xcconfig"; sourceTree = "<group>"; };
		F63B202F225E85C3D31F8425 /* Pods-Demo.release.xcconfig */ = {isa = PBXFileReference; includeInIndex = 1; lastKnownFileType = text.xcconfig; name = "Pods-Demo.release.xcconfig"; path = "Pods/Target Support Files/Pods-Demo/Pods-Demo.release.xcconfig"; sourceTree = "<group>"; };
/* End PBXFileReference section */

/* Begin PBXFrameworksBuildPhase section */
		141E67581F50ABC100A37114 /* Frameworks */ = {
			isa = PBXFrameworksBuildPhase;
			buildActionMask = 2147483647;
			files = (
				192D0BE55ED86B6608663307 /* Pods_Demo.framework in Frameworks */,
			);
			runOnlyForDeploymentPostprocessing = 0;
		};
		141E67711F50AC3400A37114 /* Frameworks */ = {
			isa = PBXFrameworksBuildPhase;
			buildActionMask = 2147483647;
			files = (
				0FD21453C67FC52057647565 /* Pods_DemoTests.framework in Frameworks */,
			);
			runOnlyForDeploymentPostprocessing = 0;
		};
/* End PBXFrameworksBuildPhase section */

/* Begin PBXGroup section */
		0AE05BF78D26C688A67E0039 /* Frameworks */ = {
			isa = PBXGroup;
			children = (
				6E84F0BD358818E3F301E068 /* Pods_Demo.framework */,
				62699D8CDD01B057FAA89FBB /* Pods_DemoTests.framework */,
			);
			name = Frameworks;
			sourceTree = "<group>";
		};
		141305031F52FF8300F1964F /* Models */ = {
			isa = PBXGroup;
			children = (
				1423F4F81F5EE37300E6BB3B /* CDComment.swift */,
				141305041F52FF8E00F1964F /* CDPost.swift */,
				141305061F53065000F1964F /* CDUser.swift */,
			);
			path = Models;
			sourceTree = "<group>";
		};
		141E67521F50ABC100A37114 = {
			isa = PBXGroup;
			children = (
				141E675D1F50ABC100A37114 /* Demo */,
				141E67751F50AC3400A37114 /* DemoTests */,
				141E675C1F50ABC100A37114 /* Products */,
				6050581F8D0FD2DEBE93AAAC /* Pods */,
				0AE05BF78D26C688A67E0039 /* Frameworks */,
			);
			sourceTree = "<group>";
		};
		141E675C1F50ABC100A37114 /* Products */ = {
			isa = PBXGroup;
			children = (
				141E675B1F50ABC100A37114 /* Demo.app */,
				141E67741F50AC3400A37114 /* DemoTests.xctest */,
			);
			name = Products;
			sourceTree = "<group>";
		};
		141E675D1F50ABC100A37114 /* Demo */ = {
			isa = PBXGroup;
			children = (
				14A175501F534ACE0017816D /* Coordinators */,
				147D2B761F50C857003CAF1A /* Database */,
				147D2B731F50C73C003CAF1A /* DataControllers */,
				1436EE631F50B2BB00BCB4A6 /* Extensions */,
				147D2B771F50C860003CAF1A /* Network */,
				1436EE6F1F50B4B800BCB4A6 /* Models */,
				1436EE661F50B2DC00BCB4A6 /* Protocols */,
				1436EE741F50B6A100BCB4A6 /* Types */,
				141E677E1F50AE2300A37114 /* ViewControllers */,
				141E675E1F50ABC100A37114 /* AppDelegate.swift */,
				1423F4E31F5ED8D100E6BB3B /* Supporting Files */,
			);
			path = Demo;
			sourceTree = "<group>";
		};
		141E67751F50AC3400A37114 /* DemoTests */ = {
			isa = PBXGroup;
			children = (
				14648C921F59D07400CC33AF /* Tests */,
				14648C911F59D06C00CC33AF /* Test Helpers */,
				141E67781F50AC3400A37114 /* Info.plist */,
			);
			path = DemoTests;
			sourceTree = "<group>";
		};
		141E677E1F50AE2300A37114 /* ViewControllers */ = {
			isa = PBXGroup;
			children = (
				1435DE091F55C77900A58F26 /* PostDetails */,
				141E677F1F50AE2B00A37114 /* Posts */,
			);
			path = ViewControllers;
			sourceTree = "<group>";
		};
		141E677F1F50AE2B00A37114 /* Posts */ = {
			isa = PBXGroup;
			children = (
				14648C8A1F59CCFD00CC33AF /* Protocols */,
				1436EE791F50B92B00BCB4A6 /* ViewModels */,
				1436EE691F50B3FE00BCB4A6 /* Views */,
				141E67801F50AE5800A37114 /* PostsViewController.swift */,
				141E67811F50AE5800A37114 /* PostsViewController.xib */,
			);
			path = Posts;
			sourceTree = "<group>";
		};
		1423F4E31F5ED8D100E6BB3B /* Supporting Files */ = {
			isa = PBXGroup;
			children = (
				1423F4E41F5ED90500E6BB3B /* Translations */,
				141E67651F50ABC100A37114 /* Assets.xcassets */,
				141E67671F50ABC100A37114 /* LaunchScreen.storyboard */,
				141E676A1F50ABC100A37114 /* Info.plist */,
			);
			path = "Supporting Files";
			sourceTree = "<group>";
		};
		1423F4E41F5ED90500E6BB3B /* Translations */ = {
			isa = PBXGroup;
			children = (
				1423F4E51F5ED90C00E6BB3B /* en.lproj */,
			);
			path = Translations;
			sourceTree = "<group>";
		};
		1423F4E51F5ED90C00E6BB3B /* en.lproj */ = {
			isa = PBXGroup;
			children = (
				1423F4E61F5ED92900E6BB3B /* Localizable.strings */,
			);
			path = en.lproj;
			sourceTree = "<group>";
		};
		1423F4EC1F5EDC1600E6BB3B /* ViewModels */ = {
			isa = PBXGroup;
			children = (
				1423F4ED1F5EDC2A00E6BB3B /* PostsViewModelTests.swift */,
			);
			path = ViewModels;
			sourceTree = "<group>";
		};
		1435DE091F55C77900A58F26 /* PostDetails */ = {
			isa = PBXGroup;
			children = (
				1435DE0A1F55C79100A58F26 /* PostDetailsViewController.swift */,
				1435DE0B1F55C79100A58F26 /* PostDetailsViewController.xib */,
			);
			path = PostDetails;
			sourceTree = "<group>";
		};
		1436EE631F50B2BB00BCB4A6 /* Extensions */ = {
			isa = PBXGroup;
			children = (
				14A175491F53453A0017816D /* NSManagedObjectContext+Save.swift */,
				147D2B841F51AC74003CAF1A /* ObservableType+ErrorHandling.swift */,
				1432E84B1F535100008D3F1F /* ObservableType+Optional.swift */,
				1434B4341F535D2F0062EA32 /* UIAlertController+DemoError.swift */,
				1436EE7C1F50C4CB00BCB4A6 /* UITableView+Reactive.swift */,
				1436EE641F50B2CF00BCB4A6 /* UITableView+ReusableCell.swift */,
				1434B4321F535D090062EA32 /* UIViewController+Reactive.swift */,
			);
			path = Extensions;
			sourceTree = "<group>";
		};
		1436EE661F50B2DC00BCB4A6 /* Protocols */ = {
			isa = PBXGroup;
			children = (
				1436EE671F50B2E900BCB4A6 /* ReusableCell.swift */,
				1432E8491F535097008D3F1F /* OptionalProtocol.swift */,
			);
			path = Protocols;
			sourceTree = "<group>";
		};
		1436EE691F50B3FE00BCB4A6 /* Views */ = {
			isa = PBXGroup;
			children = (
				1436EE6A1F50B41000BCB4A6 /* PostTableViewCell */,
			);
			path = Views;
			sourceTree = "<group>";
		};
		1436EE6A1F50B41000BCB4A6 /* PostTableViewCell */ = {
			isa = PBXGroup;
			children = (
				1436EE6B1F50B42B00BCB4A6 /* PostTableViewCell.swift */,
				1436EE6C1F50B42B00BCB4A6 /* PostTableViewCell.xib */,
			);
			path = PostTableViewCell;
			sourceTree = "<group>";
		};
		1436EE6F1F50B4B800BCB4A6 /* Models */ = {
			isa = PBXGroup;
			children = (
				1423F4FA1F5EE54A00E6BB3B /* Comment.swift */,
				1436EE701F50B4E800BCB4A6 /* Post.swift */,
				1436EE721F50B4FF00BCB4A6 /* User.swift */,
			);
			path = Models;
			sourceTree = "<group>";
		};
		1436EE741F50B6A100BCB4A6 /* Types */ = {
			isa = PBXGroup;
			children = (
				14A175511F534B240017816D /* Coordinator.swift */,
				147D2B821F51AC17003CAF1A /* DemoError.swift */,
				1436EE751F50B6B700BCB4A6 /* Layout.swift */,
				1436EE7E1F50C51000BCB4A6 /* ReusableTableViewCell.swift */,
				1423F4E91F5EDAAA00E6BB3B /* Localizable.swift */,
			);
			path = Types;
			sourceTree = "<group>";
		};
		1436EE791F50B92B00BCB4A6 /* ViewModels */ = {
			isa = PBXGroup;
			children = (
				1434B4301F535CAF0062EA32 /* PostsViewModel.swift */,
				1436EE7A1F50B95000BCB4A6 /* PostTableViewCellViewModel.swift */,
				14648C8F1F59CF1200CC33AF /* PostTableViewCellViewModelProtocol.swift */,
			);
			path = ViewModels;
			sourceTree = "<group>";
		};
		1445F8B51F5A03E1000E581A /* Test Doubles */ = {
			isa = PBXGroup;
			children = (
				14DED37C1F5C97E3005EF418 /* FakeCDStack.swift */,
				1445F8B61F5A03F0000E581A /* FakeNetwork.swift */,
				1423F4F41F5EE2C900E6BB3B /* FakePostsDataController.swift */,
				1423F4F61F5EE2DA00E6BB3B /* FakePostsViewControllerDelegate.swift */,
			);
			path = "Test Doubles";
			sourceTree = "<group>";
		};
		1445F8BD1F5AC529000E581A /* Protocols */ = {
			isa = PBXGroup;
			children = (
				14648C981F59D16800CC33AF /* NetworkProtocol.swift */,
			);
			path = Protocols;
			sourceTree = "<group>";
		};
		14648C8A1F59CCFD00CC33AF /* Protocols */ = {
			isa = PBXGroup;
			children = (
				14648C8B1F59CD2D00CC33AF /* PostsViewControllerDelegate.swift */,
				14648C8D1F59CE3C00CC33AF /* PostsViewModelProtocol.swift */,
			);
			path = Protocols;
			sourceTree = "<group>";
		};
		14648C911F59D06C00CC33AF /* Test Helpers */ = {
			isa = PBXGroup;
			children = (
				1445F8B51F5A03E1000E581A /* Test Doubles */,
				1445F8B11F59D64C000E581A /* Quick+Aliases.swift */,
				1445F8B81F5A041F000E581A /* Rx+Equatable.swift */,
			);
			path = "Test Helpers";
			sourceTree = "<group>";
		};
		14648C921F59D07400CC33AF /* Tests */ = {
			isa = PBXGroup;
			children = (
				1423F4EC1F5EDC1600E6BB3B /* ViewModels */,
				14648C931F59D08500CC33AF /* DataControllers */,
			);
			path = Tests;
			sourceTree = "<group>";
		};
		14648C931F59D08500CC33AF /* DataControllers */ = {
			isa = PBXGroup;
			children = (
				14648C941F59D0CA00CC33AF /* PostsNetworkDataControllerTests.swift */,
				14DED3791F5C9773005EF418 /* PostsCDDatabaseDataControllerTests.swift */,
			);
			path = DataControllers;
			sourceTree = "<group>";
		};
		147D2B731F50C73C003CAF1A /* DataControllers */ = {
			isa = PBXGroup;
			children = (
				147D2B751F50C753003CAF1A /* Database */,
				147D2B891F51AE00003CAF1A /* General */,
				147D2B741F50C748003CAF1A /* Network */,
				147D2B861F51ADCD003CAF1A /* Protocols */,
			);
			path = DataControllers;
			sourceTree = "<group>";
		};
		147D2B741F50C748003CAF1A /* Network */ = {
			isa = PBXGroup;
			children = (
				147D2B801F50D989003CAF1A /* PostsNetworkDataController.swift */,
			);
			path = Network;
			sourceTree = "<group>";
		};
		147D2B751F50C753003CAF1A /* Database */ = {
			isa = PBXGroup;
			children = (
				1413050A1F531F4A00F1964F /* PostsCDDatabaseDataController.swift */,
			);
			path = Database;
			sourceTree = "<group>";
		};
		147D2B761F50C857003CAF1A /* Database */ = {
			isa = PBXGroup;
			children = (
				141305031F52FF8300F1964F /* Models */,
				14A1754B1F5349AC0017816D /* Protocols */,
				141305001F52FDFC00F1964F /* Model.xcdatamodeld */,
				141305081F53120900F1964F /* CDStack.swift */,
			);
			path = Database;
			sourceTree = "<group>";
		};
		147D2B771F50C860003CAF1A /* Network */ = {
			isa = PBXGroup;
			children = (
				147D2B781F50C892003CAF1A /* Models */,
				1445F8BD1F5AC529000E581A /* Protocols */,
				147D2B791F50C8A5003CAF1A /* Services */,
				147D2B7C1F50CD05003CAF1A /* Network.swift */,
			);
			path = Network;
			sourceTree = "<group>";
		};
		147D2B781F50C892003CAF1A /* Models */ = {
			isa = PBXGroup;
			children = (
				147A5D321F5EEA1D007A89B0 /* NetworkComment.swift */,
				147D2B7E1F50CF3B003CAF1A /* NetworkPost.swift */,
				147A5D2F1F5EEA15007A89B0 /* NetworkUser.swift */,
			);
			path = Models;
			sourceTree = "<group>";
		};
		147D2B791F50C8A5003CAF1A /* Services */ = {
			isa = PBXGroup;
			children = (
				147D2B7A1F50C922003CAF1A /* PostsService.swift */,
			);
			path = Services;
			sourceTree = "<group>";
		};
		147D2B861F51ADCD003CAF1A /* Protocols */ = {
			isa = PBXGroup;
			children = (
				147D2B8C1F51AE88003CAF1A /* CompositeDataControllerProtocol.swift */,
				14A1754E1F534A450017816D /* PostsDatabaseDataControllerProtocol.swift */,
				147D2B871F51ADDC003CAF1A /* PostsDataControllerProtocol.swift */,
				147A5D351F5F2D15007A89B0 /* PostsNetworkDataControllerProtocol.swift */,
			);
			path = Protocols;
			sourceTree = "<group>";
		};
		147D2B891F51AE00003CAF1A /* General */ = {
			isa = PBXGroup;
			children = (
				147D2B8A1F51AE26003CAF1A /* PostsDataController.swift */,
			);
			path = General;
			sourceTree = "<group>";
		};
		14A1754B1F5349AC0017816D /* Protocols */ = {
			isa = PBXGroup;
			children = (
				14A1754C1F5349BD0017816D /* CDManagedProtocol.swift */,
				1445F8BA1F5AC4EC000E581A /* CDStackProtocol.swift */,
			);
			path = Protocols;
			sourceTree = "<group>";
		};
		14A175501F534ACE0017816D /* Coordinators */ = {
			isa = PBXGroup;
			children = (
				1432E8471F534C1C008D3F1F /* AppCoordinator.swift */,
				14648C881F59CACF00CC33AF /* PostsCoordinator.swift */,
			);
			path = Coordinators;
			sourceTree = "<group>";
		};
		6050581F8D0FD2DEBE93AAAC /* Pods */ = {
			isa = PBXGroup;
			children = (
				0EBF1490389F93F5DAEE11EF /* Pods-Demo.debug.xcconfig */,
				F63B202F225E85C3D31F8425 /* Pods-Demo.release.xcconfig */,
				D15A5CE82C1D1E50BC83E21E /* Pods-DemoTests.debug.xcconfig */,
				59B7E98A4A700125294BB3A1 /* Pods-DemoTests.release.xcconfig */,
			);
			name = Pods;
			sourceTree = "<group>";
		};
/* End PBXGroup section */

/* Begin PBXNativeTarget section */
		141E675A1F50ABC100A37114 /* Demo */ = {
			isa = PBXNativeTarget;
			buildConfigurationList = 141E676D1F50ABC100A37114 /* Build configuration list for PBXNativeTarget "Demo" */;
			buildPhases = (
				7CC666EC9FF06E79D3C3B771 /* [CP] Check Pods Manifest.lock */,
				141E67571F50ABC100A37114 /* Sources */,
				141E67581F50ABC100A37114 /* Frameworks */,
				141E67591F50ABC100A37114 /* Resources */,
				9413C32EBD5E26968DBFAB1C /* [CP] Embed Pods Frameworks */,
				7FBC4954801495F76ADAC27A /* [CP] Copy Pods Resources */,
			);
			buildRules = (
			);
			dependencies = (
			);
			name = Demo;
			productName = Demo;
			productReference = 141E675B1F50ABC100A37114 /* Demo.app */;
			productType = "com.apple.product-type.application";
		};
		141E67731F50AC3400A37114 /* DemoTests */ = {
			isa = PBXNativeTarget;
			buildConfigurationList = 141E677D1F50AC3400A37114 /* Build configuration list for PBXNativeTarget "DemoTests" */;
			buildPhases = (
				E8F12C710307A0D85EA38C21 /* [CP] Check Pods Manifest.lock */,
				141E67701F50AC3400A37114 /* Sources */,
				141E67711F50AC3400A37114 /* Frameworks */,
				141E67721F50AC3400A37114 /* Resources */,
				84C4A2838A18332B3E3CBE5D /* [CP] Embed Pods Frameworks */,
				EB4A222513ECE77A6D91DEC2 /* [CP] Copy Pods Resources */,
			);
			buildRules = (
			);
			dependencies = (
				141E677A1F50AC3400A37114 /* PBXTargetDependency */,
			);
			name = DemoTests;
			productName = DemoTests;
			productReference = 141E67741F50AC3400A37114 /* DemoTests.xctest */;
			productType = "com.apple.product-type.bundle.unit-test";
		};
/* End PBXNativeTarget section */

/* Begin PBXProject section */
		141E67531F50ABC100A37114 /* Project object */ = {
			isa = PBXProject;
			attributes = {
				LastSwiftUpdateCheck = 0900;
				LastUpgradeCheck = 0900;
				ORGANIZATIONNAME = "Łukasz Mróz";
				TargetAttributes = {
					141E675A1F50ABC100A37114 = {
						CreatedOnToolsVersion = 9.0;
						ProvisioningStyle = Automatic;
					};
					141E67731F50AC3400A37114 = {
						CreatedOnToolsVersion = 9.0;
						LastSwiftMigration = 0900;
						ProvisioningStyle = Automatic;
					};
				};
			};
			buildConfigurationList = 141E67561F50ABC100A37114 /* Build configuration list for PBXProject "Demo" */;
			compatibilityVersion = "Xcode 8.0";
			developmentRegion = en;
			hasScannedForEncodings = 0;
			knownRegions = (
				en,
				Base,
			);
			mainGroup = 141E67521F50ABC100A37114;
			productRefGroup = 141E675C1F50ABC100A37114 /* Products */;
			projectDirPath = "";
			projectRoot = "";
			targets = (
				141E675A1F50ABC100A37114 /* Demo */,
				141E67731F50AC3400A37114 /* DemoTests */,
			);
		};
/* End PBXProject section */

/* Begin PBXResourcesBuildPhase section */
		141E67591F50ABC100A37114 /* Resources */ = {
			isa = PBXResourcesBuildPhase;
			buildActionMask = 2147483647;
			files = (
				1435DE0D1F55C79100A58F26 /* PostDetailsViewController.xib in Resources */,
				1423F4E81F5ED92900E6BB3B /* Localizable.strings in Resources */,
				141E67691F50ABC100A37114 /* LaunchScreen.storyboard in Resources */,
				141E67661F50ABC100A37114 /* Assets.xcassets in Resources */,
				141E67831F50AE5800A37114 /* PostsViewController.xib in Resources */,
				1436EE6E1F50B42B00BCB4A6 /* PostTableViewCell.xib in Resources */,
			);
			runOnlyForDeploymentPostprocessing = 0;
		};
		141E67721F50AC3400A37114 /* Resources */ = {
			isa = PBXResourcesBuildPhase;
			buildActionMask = 2147483647;
			files = (
			);
			runOnlyForDeploymentPostprocessing = 0;
		};
/* End PBXResourcesBuildPhase section */

/* Begin PBXShellScriptBuildPhase section */
		7CC666EC9FF06E79D3C3B771 /* [CP] Check Pods Manifest.lock */ = {
			isa = PBXShellScriptBuildPhase;
			buildActionMask = 2147483647;
			files = (
			);
			inputPaths = (
				"${PODS_PODFILE_DIR_PATH}/Podfile.lock",
				"${PODS_ROOT}/Manifest.lock",
			);
			name = "[CP] Check Pods Manifest.lock";
			outputPaths = (
				"$(DERIVED_FILE_DIR)/Pods-Demo-checkManifestLockResult.txt",
			);
			runOnlyForDeploymentPostprocessing = 0;
			shellPath = /bin/sh;
			shellScript = "diff \"${PODS_PODFILE_DIR_PATH}/Podfile.lock\" \"${PODS_ROOT}/Manifest.lock\" > /dev/null\nif [ $? != 0 ] ; then\n    # print error to STDERR\n    echo \"error: The sandbox is not in sync with the Podfile.lock. Run 'pod install' or update your CocoaPods installation.\" >&2\n    exit 1\nfi\n# This output is used by Xcode 'outputs' to avoid re-running this script phase.\necho \"SUCCESS\" > \"${SCRIPT_OUTPUT_FILE_0}\"\n";
			showEnvVarsInLog = 0;
		};
		7FBC4954801495F76ADAC27A /* [CP] Copy Pods Resources */ = {
			isa = PBXShellScriptBuildPhase;
			buildActionMask = 2147483647;
			files = (
			);
			inputPaths = (
			);
			name = "[CP] Copy Pods Resources";
			outputPaths = (
			);
			runOnlyForDeploymentPostprocessing = 0;
			shellPath = /bin/sh;
			shellScript = "\"${SRCROOT}/Pods/Target Support Files/Pods-Demo/Pods-Demo-resources.sh\"\n";
			showEnvVarsInLog = 0;
		};
		84C4A2838A18332B3E3CBE5D /* [CP] Embed Pods Frameworks */ = {
			isa = PBXShellScriptBuildPhase;
			buildActionMask = 2147483647;
			files = (
			);
			inputPaths = (
				"${SRCROOT}/Pods/Target Support Files/Pods-DemoTests/Pods-DemoTests-frameworks.sh",
				"${BUILT_PRODUCTS_DIR}/Alamofire/Alamofire.framework",
				"${BUILT_PRODUCTS_DIR}/Moya/Moya.framework",
				"${BUILT_PRODUCTS_DIR}/Result/Result.framework",
				"${BUILT_PRODUCTS_DIR}/RxCocoa/RxCocoa.framework",
				"${BUILT_PRODUCTS_DIR}/RxSwift/RxSwift.framework",
				"${BUILT_PRODUCTS_DIR}/Nimble/Nimble.framework",
				"${BUILT_PRODUCTS_DIR}/Quick/Quick.framework",
				"${BUILT_PRODUCTS_DIR}/RxTest/RxTest.framework",
			);
			name = "[CP] Embed Pods Frameworks";
			outputPaths = (
				"${TARGET_BUILD_DIR}/${FRAMEWORKS_FOLDER_PATH}/Alamofire.framework",
				"${TARGET_BUILD_DIR}/${FRAMEWORKS_FOLDER_PATH}/Moya.framework",
				"${TARGET_BUILD_DIR}/${FRAMEWORKS_FOLDER_PATH}/Result.framework",
				"${TARGET_BUILD_DIR}/${FRAMEWORKS_FOLDER_PATH}/RxCocoa.framework",
				"${TARGET_BUILD_DIR}/${FRAMEWORKS_FOLDER_PATH}/RxSwift.framework",
				"${TARGET_BUILD_DIR}/${FRAMEWORKS_FOLDER_PATH}/Nimble.framework",
				"${TARGET_BUILD_DIR}/${FRAMEWORKS_FOLDER_PATH}/Quick.framework",
				"${TARGET_BUILD_DIR}/${FRAMEWORKS_FOLDER_PATH}/RxTest.framework",
			);
			runOnlyForDeploymentPostprocessing = 0;
			shellPath = /bin/sh;
			shellScript = "\"${SRCROOT}/Pods/Target Support Files/Pods-DemoTests/Pods-DemoTests-frameworks.sh\"\n";
			showEnvVarsInLog = 0;
		};
		9413C32EBD5E26968DBFAB1C /* [CP] Embed Pods Frameworks */ = {
			isa = PBXShellScriptBuildPhase;
			buildActionMask = 2147483647;
			files = (
			);
			inputPaths = (
				"${SRCROOT}/Pods/Target Support Files/Pods-Demo/Pods-Demo-frameworks.sh",
				"${BUILT_PRODUCTS_DIR}/Alamofire/Alamofire.framework",
				"${BUILT_PRODUCTS_DIR}/Moya/Moya.framework",
				"${BUILT_PRODUCTS_DIR}/Result/Result.framework",
				"${BUILT_PRODUCTS_DIR}/RxCocoa/RxCocoa.framework",
				"${BUILT_PRODUCTS_DIR}/RxSwift/RxSwift.framework",
			);
			name = "[CP] Embed Pods Frameworks";
			outputPaths = (
				"${TARGET_BUILD_DIR}/${FRAMEWORKS_FOLDER_PATH}/Alamofire.framework",
				"${TARGET_BUILD_DIR}/${FRAMEWORKS_FOLDER_PATH}/Moya.framework",
				"${TARGET_BUILD_DIR}/${FRAMEWORKS_FOLDER_PATH}/Result.framework",
				"${TARGET_BUILD_DIR}/${FRAMEWORKS_FOLDER_PATH}/RxCocoa.framework",
				"${TARGET_BUILD_DIR}/${FRAMEWORKS_FOLDER_PATH}/RxSwift.framework",
			);
			runOnlyForDeploymentPostprocessing = 0;
			shellPath = /bin/sh;
			shellScript = "\"${SRCROOT}/Pods/Target Support Files/Pods-Demo/Pods-Demo-frameworks.sh\"\n";
			showEnvVarsInLog = 0;
		};
		E8F12C710307A0D85EA38C21 /* [CP] Check Pods Manifest.lock */ = {
			isa = PBXShellScriptBuildPhase;
			buildActionMask = 2147483647;
			files = (
			);
			inputPaths = (
				"${PODS_PODFILE_DIR_PATH}/Podfile.lock",
				"${PODS_ROOT}/Manifest.lock",
			);
			name = "[CP] Check Pods Manifest.lock";
			outputPaths = (
				"$(DERIVED_FILE_DIR)/Pods-DemoTests-checkManifestLockResult.txt",
			);
			runOnlyForDeploymentPostprocessing = 0;
			shellPath = /bin/sh;
			shellScript = "diff \"${PODS_PODFILE_DIR_PATH}/Podfile.lock\" \"${PODS_ROOT}/Manifest.lock\" > /dev/null\nif [ $? != 0 ] ; then\n    # print error to STDERR\n    echo \"error: The sandbox is not in sync with the Podfile.lock. Run 'pod install' or update your CocoaPods installation.\" >&2\n    exit 1\nfi\n# This output is used by Xcode 'outputs' to avoid re-running this script phase.\necho \"SUCCESS\" > \"${SCRIPT_OUTPUT_FILE_0}\"\n";
			showEnvVarsInLog = 0;
		};
		EB4A222513ECE77A6D91DEC2 /* [CP] Copy Pods Resources */ = {
			isa = PBXShellScriptBuildPhase;
			buildActionMask = 2147483647;
			files = (
			);
			inputPaths = (
			);
			name = "[CP] Copy Pods Resources";
			outputPaths = (
			);
			runOnlyForDeploymentPostprocessing = 0;
			shellPath = /bin/sh;
			shellScript = "\"${SRCROOT}/Pods/Target Support Files/Pods-DemoTests/Pods-DemoTests-resources.sh\"\n";
			showEnvVarsInLog = 0;
		};
/* End PBXShellScriptBuildPhase section */

/* Begin PBXSourcesBuildPhase section */
		141E67571F50ABC100A37114 /* Sources */ = {
			isa = PBXSourcesBuildPhase;
			buildActionMask = 2147483647;
			files = (
				1413050B1F531F4A00F1964F /* PostsCDDatabaseDataController.swift in Sources */,
				147D2B7D1F50CD05003CAF1A /* Network.swift in Sources */,
				14648C991F59D16800CC33AF /* NetworkProtocol.swift in Sources */,
				147A5D301F5EEA15007A89B0 /* NetworkUser.swift in Sources */,
				14A1754F1F534A450017816D /* PostsDatabaseDataControllerProtocol.swift in Sources */,
				14648C8C1F59CD2D00CC33AF /* PostsViewControllerDelegate.swift in Sources */,
				147A5D361F5F2D15007A89B0 /* PostsNetworkDataControllerProtocol.swift in Sources */,
				1432E84A1F535097008D3F1F /* OptionalProtocol.swift in Sources */,
				1436EE681F50B2E900BCB4A6 /* ReusableCell.swift in Sources */,
				141305051F52FF8E00F1964F /* CDPost.swift in Sources */,
				14A1754A1F53453A0017816D /* NSManagedObjectContext+Save.swift in Sources */,
				141E67821F50AE5800A37114 /* PostsViewController.swift in Sources */,
				147D2B881F51ADDC003CAF1A /* PostsDataControllerProtocol.swift in Sources */,
				14648C901F59CF1200CC33AF /* PostTableViewCellViewModelProtocol.swift in Sources */,
				147D2B851F51AC74003CAF1A /* ObservableType+ErrorHandling.swift in Sources */,
				147A5D331F5EEA1D007A89B0 /* NetworkComment.swift in Sources */,
				1436EE6D1F50B42B00BCB4A6 /* PostTableViewCell.swift in Sources */,
				1436EE711F50B4E800BCB4A6 /* Post.swift in Sources */,
				1436EE651F50B2CF00BCB4A6 /* UITableView+ReusableCell.swift in Sources */,
				1432E8481F534C1C008D3F1F /* AppCoordinator.swift in Sources */,
				147D2B811F50D989003CAF1A /* PostsNetworkDataController.swift in Sources */,
				1436EE7B1F50B95000BCB4A6 /* PostTableViewCellViewModel.swift in Sources */,
				1432E84C1F535100008D3F1F /* ObservableType+Optional.swift in Sources */,
				1423F4F91F5EE37300E6BB3B /* CDComment.swift in Sources */,
				147D2B8B1F51AE26003CAF1A /* PostsDataController.swift in Sources */,
				1436EE761F50B6B700BCB4A6 /* Layout.swift in Sources */,
				147D2B831F51AC17003CAF1A /* DemoError.swift in Sources */,
				141E675F1F50ABC100A37114 /* AppDelegate.swift in Sources */,
				1423F4FB1F5EE54A00E6BB3B /* Comment.swift in Sources */,
				14648C8E1F59CE3C00CC33AF /* PostsViewModelProtocol.swift in Sources */,
				1435DE0C1F55C79100A58F26 /* PostDetailsViewController.swift in Sources */,
				14A175521F534B240017816D /* Coordinator.swift in Sources */,
				1436EE7D1F50C4CB00BCB4A6 /* UITableView+Reactive.swift in Sources */,
				147D2B8D1F51AE88003CAF1A /* CompositeDataControllerProtocol.swift in Sources */,
				1434B4351F535D2F0062EA32 /* UIAlertController+DemoError.swift in Sources */,
				147D2B7F1F50CF3B003CAF1A /* NetworkPost.swift in Sources */,
				1434B4331F535D090062EA32 /* UIViewController+Reactive.swift in Sources */,
				14A1754D1F5349BD0017816D /* CDManagedProtocol.swift in Sources */,
				141305021F52FDFC00F1964F /* Model.xcdatamodeld in Sources */,
				14648C891F59CACF00CC33AF /* PostsCoordinator.swift in Sources */,
				141305071F53065000F1964F /* CDUser.swift in Sources */,
				1436EE731F50B4FF00BCB4A6 /* User.swift in Sources */,
				1434B4311F535CAF0062EA32 /* PostsViewModel.swift in Sources */,
				141305091F53120900F1964F /* CDStack.swift in Sources */,
				1445F8BB1F5AC4EC000E581A /* CDStackProtocol.swift in Sources */,
				1423F4EA1F5EDAAA00E6BB3B /* Localizable.swift in Sources */,
				1436EE7F1F50C51000BCB4A6 /* ReusableTableViewCell.swift in Sources */,
				147D2B7B1F50C922003CAF1A /* PostsService.swift in Sources */,
			);
			runOnlyForDeploymentPostprocessing = 0;
		};
		141E67701F50AC3400A37114 /* Sources */ = {
			isa = PBXSourcesBuildPhase;
			buildActionMask = 2147483647;
			files = (
				1445F8B31F59FAA1000E581A /* ObservableType+Optional.swift in Sources */,
				14DED37A1F5C9773005EF418 /* PostsCDDatabaseDataControllerTests.swift in Sources */,
				1423F4EB1F5EDB2B00E6BB3B /* Localizable.swift in Sources */,
				1423F4FF1F5EE6C400E6BB3B /* CDUser.swift in Sources */,
				14DED37F1F5C996E005EF418 /* CDPost.swift in Sources */,
				1423F4FC1F5EE66400E6BB3B /* User.swift in Sources */,
				14DED3781F5C7AC8005EF418 /* CDManagedProtocol.swift in Sources */,
				1423F4F21F5EDD3E00E6BB3B /* PostsViewControllerDelegate.swift in Sources */,
				147A5D371F5F2D15007A89B0 /* PostsNetworkDataControllerProtocol.swift in Sources */,
				1445F8AF1F59D54F000E581A /* NetworkPost.swift in Sources */,
				147A5D311F5EEA15007A89B0 /* NetworkUser.swift in Sources */,
				1445F8B21F59D64C000E581A /* Quick+Aliases.swift in Sources */,
				1445F8B71F5A03F0000E581A /* FakeNetwork.swift in Sources */,
				1445F8AD1F59D52E000E581A /* PostsDataControllerProtocol.swift in Sources */,
				1423F4F71F5EE2DA00E6BB3B /* FakePostsViewControllerDelegate.swift in Sources */,
				1423F4F51F5EE2C900E6BB3B /* FakePostsDataController.swift in Sources */,
				1445F8AA1F59D501000E581A /* NetworkProtocol.swift in Sources */,
				14DED37D1F5C97E3005EF418 /* FakeCDStack.swift in Sources */,
				14DED37E1F5C995D005EF418 /* PostsDatabaseDataControllerProtocol.swift in Sources */,
				1423F4EE1F5EDC2A00E6BB3B /* PostsViewModelTests.swift in Sources */,
				14648C961F59D0FC00CC33AF /* PostsNetworkDataController.swift in Sources */,
				1423F4FE1F5EE66C00E6BB3B /* CDComment.swift in Sources */,
				147A5D341F5EEA1D007A89B0 /* NetworkComment.swift in Sources */,
				1423F4F01F5EDD2D00E6BB3B /* PostTableViewCellViewModel.swift in Sources */,
				1445F8B41F59FADB000E581A /* OptionalProtocol.swift in Sources */,
				14648C951F59D0CA00CC33AF /* PostsNetworkDataControllerTests.swift in Sources */,
				14648C971F59D10200CC33AF /* Network.swift in Sources */,
				1445F8B91F5A041F000E581A /* Rx+Equatable.swift in Sources */,
				14DED37B1F5C97AC005EF418 /* PostsCDDatabaseDataController.swift in Sources */,
				1423F4F31F5EE00200E6BB3B /* PostTableViewCellViewModelProtocol.swift in Sources */,
				1445F8AB1F59D516000E581A /* Post.swift in Sources */,
				1445F8AC1F59D523000E581A /* DemoError.swift in Sources */,
				1423F4EF1F5EDCFB00E6BB3B /* PostsViewModel.swift in Sources */,
				1445F8B01F59D571000E581A /* ObservableType+ErrorHandling.swift in Sources */,
				1445F8AE1F59D542000E581A /* PostsService.swift in Sources */,
				1423F4F11F5EDD3400E6BB3B /* PostsViewModelProtocol.swift in Sources */,
				1423F4FD1F5EE66800E6BB3B /* Comment.swift in Sources */,
				1445F8BC1F5AC4EC000E581A /* CDStackProtocol.swift in Sources */,
			);
			runOnlyForDeploymentPostprocessing = 0;
		};
/* End PBXSourcesBuildPhase section */

/* Begin PBXTargetDependency section */
		141E677A1F50AC3400A37114 /* PBXTargetDependency */ = {
			isa = PBXTargetDependency;
			target = 141E675A1F50ABC100A37114 /* Demo */;
			targetProxy = 141E67791F50AC3400A37114 /* PBXContainerItemProxy */;
		};
/* End PBXTargetDependency section */

/* Begin PBXVariantGroup section */
		141E67671F50ABC100A37114 /* LaunchScreen.storyboard */ = {
			isa = PBXVariantGroup;
			children = (
				141E67681F50ABC100A37114 /* Base */,
			);
			name = LaunchScreen.storyboard;
			sourceTree = "<group>";
		};
		1423F4E61F5ED92900E6BB3B /* Localizable.strings */ = {
			isa = PBXVariantGroup;
			children = (
				1423F4E71F5ED92900E6BB3B /* en */,
			);
			name = Localizable.strings;
			sourceTree = "<group>";
		};
/* End PBXVariantGroup section */

/* Begin XCBuildConfiguration section */
		141E676B1F50ABC100A37114 /* Debug */ = {
			isa = XCBuildConfiguration;
			buildSettings = {
				ALWAYS_SEARCH_USER_PATHS = NO;
				CLANG_ANALYZER_NONNULL = YES;
				CLANG_ANALYZER_NUMBER_OBJECT_CONVERSION = YES_AGGRESSIVE;
				CLANG_CXX_LANGUAGE_STANDARD = "gnu++14";
				CLANG_CXX_LIBRARY = "libc++";
				CLANG_ENABLE_MODULES = YES;
				CLANG_ENABLE_OBJC_ARC = YES;
				CLANG_WARN_BLOCK_CAPTURE_AUTORELEASING = YES;
				CLANG_WARN_BOOL_CONVERSION = YES;
				CLANG_WARN_COMMA = YES;
				CLANG_WARN_CONSTANT_CONVERSION = YES;
				CLANG_WARN_DIRECT_OBJC_ISA_USAGE = YES_ERROR;
				CLANG_WARN_DOCUMENTATION_COMMENTS = YES;
				CLANG_WARN_EMPTY_BODY = YES;
				CLANG_WARN_ENUM_CONVERSION = YES;
				CLANG_WARN_INFINITE_RECURSION = YES;
				CLANG_WARN_INT_CONVERSION = YES;
				CLANG_WARN_NON_LITERAL_NULL_CONVERSION = YES;
				CLANG_WARN_OBJC_LITERAL_CONVERSION = YES;
				CLANG_WARN_OBJC_ROOT_CLASS = YES_ERROR;
				CLANG_WARN_RANGE_LOOP_ANALYSIS = YES;
				CLANG_WARN_STRICT_PROTOTYPES = YES;
				CLANG_WARN_SUSPICIOUS_MOVE = YES;
				CLANG_WARN_UNGUARDED_AVAILABILITY = YES_AGGRESSIVE;
				CLANG_WARN_UNREACHABLE_CODE = YES;
				CLANG_WARN__DUPLICATE_METHOD_MATCH = YES;
				CODE_SIGN_IDENTITY = "iPhone Developer";
				COPY_PHASE_STRIP = NO;
				DEBUG_INFORMATION_FORMAT = dwarf;
				ENABLE_STRICT_OBJC_MSGSEND = YES;
				ENABLE_TESTABILITY = YES;
				GCC_C_LANGUAGE_STANDARD = gnu11;
				GCC_DYNAMIC_NO_PIC = NO;
				GCC_NO_COMMON_BLOCKS = YES;
				GCC_OPTIMIZATION_LEVEL = 0;
				GCC_PREPROCESSOR_DEFINITIONS = (
					"DEBUG=1",
					"$(inherited)",
				);
				GCC_WARN_64_TO_32_BIT_CONVERSION = YES;
				GCC_WARN_ABOUT_RETURN_TYPE = YES_ERROR;
				GCC_WARN_UNDECLARED_SELECTOR = YES;
				GCC_WARN_UNINITIALIZED_AUTOS = YES_AGGRESSIVE;
				GCC_WARN_UNUSED_FUNCTION = YES;
				GCC_WARN_UNUSED_VARIABLE = YES;
				IPHONEOS_DEPLOYMENT_TARGET = 10.0;
				MTL_ENABLE_DEBUG_INFO = YES;
				ONLY_ACTIVE_ARCH = YES;
				SDKROOT = iphoneos;
				SWIFT_ACTIVE_COMPILATION_CONDITIONS = DEBUG;
				SWIFT_OPTIMIZATION_LEVEL = "-Onone";
			};
			name = Debug;
		};
		141E676C1F50ABC100A37114 /* Release */ = {
			isa = XCBuildConfiguration;
			buildSettings = {
				ALWAYS_SEARCH_USER_PATHS = NO;
				CLANG_ANALYZER_NONNULL = YES;
				CLANG_ANALYZER_NUMBER_OBJECT_CONVERSION = YES_AGGRESSIVE;
				CLANG_CXX_LANGUAGE_STANDARD = "gnu++14";
				CLANG_CXX_LIBRARY = "libc++";
				CLANG_ENABLE_MODULES = YES;
				CLANG_ENABLE_OBJC_ARC = YES;
				CLANG_WARN_BLOCK_CAPTURE_AUTORELEASING = YES;
				CLANG_WARN_BOOL_CONVERSION = YES;
				CLANG_WARN_COMMA = YES;
				CLANG_WARN_CONSTANT_CONVERSION = YES;
				CLANG_WARN_DIRECT_OBJC_ISA_USAGE = YES_ERROR;
				CLANG_WARN_DOCUMENTATION_COMMENTS = YES;
				CLANG_WARN_EMPTY_BODY = YES;
				CLANG_WARN_ENUM_CONVERSION = YES;
				CLANG_WARN_INFINITE_RECURSION = YES;
				CLANG_WARN_INT_CONVERSION = YES;
				CLANG_WARN_NON_LITERAL_NULL_CONVERSION = YES;
				CLANG_WARN_OBJC_LITERAL_CONVERSION = YES;
				CLANG_WARN_OBJC_ROOT_CLASS = YES_ERROR;
				CLANG_WARN_RANGE_LOOP_ANALYSIS = YES;
				CLANG_WARN_STRICT_PROTOTYPES = YES;
				CLANG_WARN_SUSPICIOUS_MOVE = YES;
				CLANG_WARN_UNGUARDED_AVAILABILITY = YES_AGGRESSIVE;
				CLANG_WARN_UNREACHABLE_CODE = YES;
				CLANG_WARN__DUPLICATE_METHOD_MATCH = YES;
				CODE_SIGN_IDENTITY = "iPhone Developer";
				COPY_PHASE_STRIP = NO;
				DEBUG_INFORMATION_FORMAT = "dwarf-with-dsym";
				ENABLE_NS_ASSERTIONS = NO;
				ENABLE_STRICT_OBJC_MSGSEND = YES;
				GCC_C_LANGUAGE_STANDARD = gnu11;
				GCC_NO_COMMON_BLOCKS = YES;
				GCC_WARN_64_TO_32_BIT_CONVERSION = YES;
				GCC_WARN_ABOUT_RETURN_TYPE = YES_ERROR;
				GCC_WARN_UNDECLARED_SELECTOR = YES;
				GCC_WARN_UNINITIALIZED_AUTOS = YES_AGGRESSIVE;
				GCC_WARN_UNUSED_FUNCTION = YES;
				GCC_WARN_UNUSED_VARIABLE = YES;
				IPHONEOS_DEPLOYMENT_TARGET = 10.0;
				MTL_ENABLE_DEBUG_INFO = NO;
				SDKROOT = iphoneos;
				SWIFT_OPTIMIZATION_LEVEL = "-Owholemodule";
				VALIDATE_PRODUCT = YES;
			};
			name = Release;
		};
		141E676E1F50ABC100A37114 /* Debug */ = {
			isa = XCBuildConfiguration;
			baseConfigurationReference = 0EBF1490389F93F5DAEE11EF /* Pods-Demo.debug.xcconfig */;
			buildSettings = {
				ASSETCATALOG_COMPILER_APPICON_NAME = AppIcon;
				CODE_SIGN_STYLE = Automatic;
				DEVELOPMENT_TEAM = CCHRC6DB43;
				INFOPLIST_FILE = "Demo/Supporting Files/Info.plist";
				LD_RUNPATH_SEARCH_PATHS = "$(inherited) @executable_path/Frameworks";
				PRODUCT_BUNDLE_IDENTIFIER = com.sunshinejr.dummy1.Demo;
				PRODUCT_NAME = "$(TARGET_NAME)";
				SWIFT_VERSION = 4.0;
				TARGETED_DEVICE_FAMILY = "1,2";
			};
			name = Debug;
		};
		141E676F1F50ABC100A37114 /* Release */ = {
			isa = XCBuildConfiguration;
			baseConfigurationReference = F63B202F225E85C3D31F8425 /* Pods-Demo.release.xcconfig */;
			buildSettings = {
				ASSETCATALOG_COMPILER_APPICON_NAME = AppIcon;
				CODE_SIGN_STYLE = Automatic;
				DEVELOPMENT_TEAM = CCHRC6DB43;
				INFOPLIST_FILE = "Demo/Supporting Files/Info.plist";
				LD_RUNPATH_SEARCH_PATHS = "$(inherited) @executable_path/Frameworks";
				PRODUCT_BUNDLE_IDENTIFIER = com.sunshinejr.dummy1.Demo;
				PRODUCT_NAME = "$(TARGET_NAME)";
				SWIFT_VERSION = 4.0;
				TARGETED_DEVICE_FAMILY = "1,2";
			};
			name = Release;
		};
		141E677B1F50AC3400A37114 /* Debug */ = {
			isa = XCBuildConfiguration;
			baseConfigurationReference = D15A5CE82C1D1E50BC83E21E /* Pods-DemoTests.debug.xcconfig */;
			buildSettings = {
				CLANG_ENABLE_MODULES = YES;
				CODE_SIGN_STYLE = Automatic;
				DEVELOPMENT_TEAM = CCHRC6DB43;
				INFOPLIST_FILE = DemoTests/Info.plist;
				LD_RUNPATH_SEARCH_PATHS = "$(inherited) @executable_path/Frameworks @loader_path/Frameworks";
				PRODUCT_BUNDLE_IDENTIFIER = com.sunshinejr.dummy1.DemoTests;
				PRODUCT_NAME = "$(TARGET_NAME)";
				SWIFT_OPTIMIZATION_LEVEL = "-Onone";
				SWIFT_VERSION = 4.0;
				TARGETED_DEVICE_FAMILY = "1,2";
			};
			name = Debug;
		};
		141E677C1F50AC3400A37114 /* Release */ = {
			isa = XCBuildConfiguration;
			baseConfigurationReference = 59B7E98A4A700125294BB3A1 /* Pods-DemoTests.release.xcconfig */;
			buildSettings = {
				CLANG_ENABLE_MODULES = YES;
				CODE_SIGN_STYLE = Automatic;
				DEVELOPMENT_TEAM = CCHRC6DB43;
				INFOPLIST_FILE = DemoTests/Info.plist;
				LD_RUNPATH_SEARCH_PATHS = "$(inherited) @executable_path/Frameworks @loader_path/Frameworks";
				PRODUCT_BUNDLE_IDENTIFIER = com.sunshinejr.dummy1.DemoTests;
				PRODUCT_NAME = "$(TARGET_NAME)";
				SWIFT_VERSION = 4.0;
				TARGETED_DEVICE_FAMILY = "1,2";
			};
			name = Release;
		};
/* End XCBuildConfiguration section */

/* Begin XCConfigurationList section */
		141E67561F50ABC100A37114 /* Build configuration list for PBXProject "Demo" */ = {
			isa = XCConfigurationList;
			buildConfigurations = (
				141E676B1F50ABC100A37114 /* Debug */,
				141E676C1F50ABC100A37114 /* Release */,
			);
			defaultConfigurationIsVisible = 0;
			defaultConfigurationName = Release;
		};
		141E676D1F50ABC100A37114 /* Build configuration list for PBXNativeTarget "Demo" */ = {
			isa = XCConfigurationList;
			buildConfigurations = (
				141E676E1F50ABC100A37114 /* Debug */,
				141E676F1F50ABC100A37114 /* Release */,
			);
			defaultConfigurationIsVisible = 0;
			defaultConfigurationName = Release;
		};
		141E677D1F50AC3400A37114 /* Build configuration list for PBXNativeTarget "DemoTests" */ = {
			isa = XCConfigurationList;
			buildConfigurations = (
				141E677B1F50AC3400A37114 /* Debug */,
				141E677C1F50AC3400A37114 /* Release */,
			);
			defaultConfigurationIsVisible = 0;
			defaultConfigurationName = Release;
		};
/* End XCConfigurationList section */

/* Begin XCVersionGroup section */
		141305001F52FDFC00F1964F /* Model.xcdatamodeld */ = {
			isa = XCVersionGroup;
			children = (
				141305011F52FDFC00F1964F /* Model.xcdatamodel */,
			);
			currentVersion = 141305011F52FDFC00F1964F /* Model.xcdatamodel */;
			path = Model.xcdatamodeld;
			sourceTree = "<group>";
			versionGroupType = wrapper.xcdatamodel;
		};
/* End XCVersionGroup section */
	};
	rootObject = 141E67531F50ABC100A37114 /* Project object */;
}
