// !$*UTF8*$!
{
	archiveVersion = 1;
	classes = {
	};
	objectVersion = 48;
	objects = {

/* Begin PBXBuildFile section */
		0FD21453C67FC52057647565 /* Pods_DemoTests.framework in Frameworks */ = {isa = PBXBuildFile; fileRef = 62699D8CDD01B057FAA89FBB /* Pods_DemoTests.framework */; };
		141E675F1F50ABC100A37114 /* AppDelegate.swift in Sources */ = {isa = PBXBuildFile; fileRef = 141E675E1F50ABC100A37114 /* AppDelegate.swift */; };
		141E67661F50ABC100A37114 /* Assets.xcassets in Resources */ = {isa = PBXBuildFile; fileRef = 141E67651F50ABC100A37114 /* Assets.xcassets */; };
		141E67691F50ABC100A37114 /* LaunchScreen.storyboard in Resources */ = {isa = PBXBuildFile; fileRef = 141E67671F50ABC100A37114 /* LaunchScreen.storyboard */; };
		141E67821F50AE5800A37114 /* PostsViewController.swift in Sources */ = {isa = PBXBuildFile; fileRef = 141E67801F50AE5800A37114 /* PostsViewController.swift */; };
		141E67831F50AE5800A37114 /* PostsViewController.xib in Resources */ = {isa = PBXBuildFile; fileRef = 141E67811F50AE5800A37114 /* PostsViewController.xib */; };
		1436EE651F50B2CF00BCB4A6 /* UITableView+ReusableCell.swift in Sources */ = {isa = PBXBuildFile; fileRef = 1436EE641F50B2CF00BCB4A6 /* UITableView+ReusableCell.swift */; };
		1436EE681F50B2E900BCB4A6 /* ReusableCell.swift in Sources */ = {isa = PBXBuildFile; fileRef = 1436EE671F50B2E900BCB4A6 /* ReusableCell.swift */; };
		1436EE6D1F50B42B00BCB4A6 /* PostTableViewCell.swift in Sources */ = {isa = PBXBuildFile; fileRef = 1436EE6B1F50B42B00BCB4A6 /* PostTableViewCell.swift */; };
		1436EE6E1F50B42B00BCB4A6 /* PostTableViewCell.xib in Resources */ = {isa = PBXBuildFile; fileRef = 1436EE6C1F50B42B00BCB4A6 /* PostTableViewCell.xib */; };
		1436EE711F50B4E800BCB4A6 /* Post.swift in Sources */ = {isa = PBXBuildFile; fileRef = 1436EE701F50B4E800BCB4A6 /* Post.swift */; };
		1436EE731F50B4FF00BCB4A6 /* User.swift in Sources */ = {isa = PBXBuildFile; fileRef = 1436EE721F50B4FF00BCB4A6 /* User.swift */; };
		1436EE761F50B6B700BCB4A6 /* Layout.swift in Sources */ = {isa = PBXBuildFile; fileRef = 1436EE751F50B6B700BCB4A6 /* Layout.swift */; };
		1436EE7B1F50B95000BCB4A6 /* PostTableViewCellViewModel.swift in Sources */ = {isa = PBXBuildFile; fileRef = 1436EE7A1F50B95000BCB4A6 /* PostTableViewCellViewModel.swift */; };
		1436EE7D1F50C4CB00BCB4A6 /* UITableView+Reactive.swift in Sources */ = {isa = PBXBuildFile; fileRef = 1436EE7C1F50C4CB00BCB4A6 /* UITableView+Reactive.swift */; };
		1436EE7F1F50C51000BCB4A6 /* ReusableTableViewCell.swift in Sources */ = {isa = PBXBuildFile; fileRef = 1436EE7E1F50C51000BCB4A6 /* ReusableTableViewCell.swift */; };
		147D2B7B1F50C922003CAF1A /* PostsService.swift in Sources */ = {isa = PBXBuildFile; fileRef = 147D2B7A1F50C922003CAF1A /* PostsService.swift */; };
		147D2B7D1F50CD05003CAF1A /* Network.swift in Sources */ = {isa = PBXBuildFile; fileRef = 147D2B7C1F50CD05003CAF1A /* Network.swift */; };
		147D2B7F1F50CF3B003CAF1A /* NetworkPost.swift in Sources */ = {isa = PBXBuildFile; fileRef = 147D2B7E1F50CF3B003CAF1A /* NetworkPost.swift */; };
		192D0BE55ED86B6608663307 /* Pods_Demo.framework in Frameworks */ = {isa = PBXBuildFile; fileRef = 6E84F0BD358818E3F301E068 /* Pods_Demo.framework */; };
/* End PBXBuildFile section */

/* Begin PBXContainerItemProxy section */
		141E67791F50AC3400A37114 /* PBXContainerItemProxy */ = {
			isa = PBXContainerItemProxy;
			containerPortal = 141E67531F50ABC100A37114 /* Project object */;
			proxyType = 1;
			remoteGlobalIDString = 141E675A1F50ABC100A37114;
			remoteInfo = Demo;
		};
/* End PBXContainerItemProxy section */

/* Begin PBXFileReference section */
		0EBF1490389F93F5DAEE11EF /* Pods-Demo.debug.xcconfig */ = {isa = PBXFileReference; includeInIndex = 1; lastKnownFileType = text.xcconfig; name = "Pods-Demo.debug.xcconfig"; path = "Pods/Target Support Files/Pods-Demo/Pods-Demo.debug.xcconfig"; sourceTree = "<group>"; };
		141E675B1F50ABC100A37114 /* Demo.app */ = {isa = PBXFileReference; explicitFileType = wrapper.application; includeInIndex = 0; path = Demo.app; sourceTree = BUILT_PRODUCTS_DIR; };
		141E675E1F50ABC100A37114 /* AppDelegate.swift */ = {isa = PBXFileReference; lastKnownFileType = sourcecode.swift; path = AppDelegate.swift; sourceTree = "<group>"; };
		141E67651F50ABC100A37114 /* Assets.xcassets */ = {isa = PBXFileReference; lastKnownFileType = folder.assetcatalog; path = Assets.xcassets; sourceTree = "<group>"; };
		141E67681F50ABC100A37114 /* Base */ = {isa = PBXFileReference; lastKnownFileType = file.storyboard; name = Base; path = Base.lproj/LaunchScreen.storyboard; sourceTree = "<group>"; };
		141E676A1F50ABC100A37114 /* Info.plist */ = {isa = PBXFileReference; lastKnownFileType = text.plist.xml; path = Info.plist; sourceTree = "<group>"; };
		141E67741F50AC3400A37114 /* DemoTests.xctest */ = {isa = PBXFileReference; explicitFileType = wrapper.cfbundle; includeInIndex = 0; path = DemoTests.xctest; sourceTree = BUILT_PRODUCTS_DIR; };
		141E67781F50AC3400A37114 /* Info.plist */ = {isa = PBXFileReference; lastKnownFileType = text.plist.xml; path = Info.plist; sourceTree = "<group>"; };
		141E67801F50AE5800A37114 /* PostsViewController.swift */ = {isa = PBXFileReference; lastKnownFileType = sourcecode.swift; path = PostsViewController.swift; sourceTree = "<group>"; };
		141E67811F50AE5800A37114 /* PostsViewController.xib */ = {isa = PBXFileReference; lastKnownFileType = file.xib; path = PostsViewController.xib; sourceTree = "<group>"; };
		1436EE641F50B2CF00BCB4A6 /* UITableView+ReusableCell.swift */ = {isa = PBXFileReference; lastKnownFileType = sourcecode.swift; path = "UITableView+ReusableCell.swift"; sourceTree = "<group>"; };
		1436EE671F50B2E900BCB4A6 /* ReusableCell.swift */ = {isa = PBXFileReference; lastKnownFileType = sourcecode.swift; path = ReusableCell.swift; sourceTree = "<group>"; };
		1436EE6B1F50B42B00BCB4A6 /* PostTableViewCell.swift */ = {isa = PBXFileReference; lastKnownFileType = sourcecode.swift; path = PostTableViewCell.swift; sourceTree = "<group>"; };
		1436EE6C1F50B42B00BCB4A6 /* PostTableViewCell.xib */ = {isa = PBXFileReference; lastKnownFileType = file.xib; path = PostTableViewCell.xib; sourceTree = "<group>"; };
		1436EE701F50B4E800BCB4A6 /* Post.swift */ = {isa = PBXFileReference; lastKnownFileType = sourcecode.swift; path = Post.swift; sourceTree = "<group>"; };
		1436EE721F50B4FF00BCB4A6 /* User.swift */ = {isa = PBXFileReference; lastKnownFileType = sourcecode.swift; path = User.swift; sourceTree = "<group>"; };
		1436EE751F50B6B700BCB4A6 /* Layout.swift */ = {isa = PBXFileReference; lastKnownFileType = sourcecode.swift; path = Layout.swift; sourceTree = "<group>"; };
		1436EE7A1F50B95000BCB4A6 /* PostTableViewCellViewModel.swift */ = {isa = PBXFileReference; lastKnownFileType = sourcecode.swift; path = PostTableViewCellViewModel.swift; sourceTree = "<group>"; };
		1436EE7C1F50C4CB00BCB4A6 /* UITableView+Reactive.swift */ = {isa = PBXFileReference; lastKnownFileType = sourcecode.swift; path = "UITableView+Reactive.swift"; sourceTree = "<group>"; };
		1436EE7E1F50C51000BCB4A6 /* ReusableTableViewCell.swift */ = {isa = PBXFileReference; lastKnownFileType = sourcecode.swift; name = ReusableTableViewCell.swift; path = Demo/Types/ReusableTableViewCell.swift; sourceTree = SOURCE_ROOT; };
		147D2B7A1F50C922003CAF1A /* PostsService.swift */ = {isa = PBXFileReference; lastKnownFileType = sourcecode.swift; path = PostsService.swift; sourceTree = "<group>"; };
		147D2B7C1F50CD05003CAF1A /* Network.swift */ = {isa = PBXFileReference; lastKnownFileType = sourcecode.swift; path = Network.swift; sourceTree = "<group>"; };
		147D2B7E1F50CF3B003CAF1A /* NetworkPost.swift */ = {isa = PBXFileReference; lastKnownFileType = sourcecode.swift; path = NetworkPost.swift; sourceTree = "<group>"; };
		59B7E98A4A700125294BB3A1 /* Pods-DemoTests.release.xcconfig */ = {isa = PBXFileReference; includeInIndex = 1; lastKnownFileType = text.xcconfig; name = "Pods-DemoTests.release.xcconfig"; path = "Pods/Target Support Files/Pods-DemoTests/Pods-DemoTests.release.xcconfig"; sourceTree = "<group>"; };
		62699D8CDD01B057FAA89FBB /* Pods_DemoTests.framework */ = {isa = PBXFileReference; explicitFileType = wrapper.framework; includeInIndex = 0; path = Pods_DemoTests.framework; sourceTree = BUILT_PRODUCTS_DIR; };
		6E84F0BD358818E3F301E068 /* Pods_Demo.framework */ = {isa = PBXFileReference; explicitFileType = wrapper.framework; includeInIndex = 0; path = Pods_Demo.framework; sourceTree = BUILT_PRODUCTS_DIR; };
		D15A5CE82C1D1E50BC83E21E /* Pods-DemoTests.debug.xcconfig */ = {isa = PBXFileReference; includeInIndex = 1; lastKnownFileType = text.xcconfig; name = "Pods-DemoTests.debug.xcconfig"; path = "Pods/Target Support Files/Pods-DemoTests/Pods-DemoTests.debug.xcconfig"; sourceTree = "<group>"; };
		F63B202F225E85C3D31F8425 /* Pods-Demo.release.xcconfig */ = {isa = PBXFileReference; includeInIndex = 1; lastKnownFileType = text.xcconfig; name = "Pods-Demo.release.xcconfig"; path = "Pods/Target Support Files/Pods-Demo/Pods-Demo.release.xcconfig"; sourceTree = "<group>"; };
/* End PBXFileReference section */

/* Begin PBXFrameworksBuildPhase section */
		141E67581F50ABC100A37114 /* Frameworks */ = {
			isa = PBXFrameworksBuildPhase;
			buildActionMask = 2147483647;
			files = (
				192D0BE55ED86B6608663307 /* Pods_Demo.framework in Frameworks */,
			);
			runOnlyForDeploymentPostprocessing = 0;
		};
		141E67711F50AC3400A37114 /* Frameworks */ = {
			isa = PBXFrameworksBuildPhase;
			buildActionMask = 2147483647;
			files = (
				0FD21453C67FC52057647565 /* Pods_DemoTests.framework in Frameworks */,
			);
			runOnlyForDeploymentPostprocessing = 0;
		};
/* End PBXFrameworksBuildPhase section */

/* Begin PBXGroup section */
		0AE05BF78D26C688A67E0039 /* Frameworks */ = {
			isa = PBXGroup;
			children = (
				6E84F0BD358818E3F301E068 /* Pods_Demo.framework */,
				62699D8CDD01B057FAA89FBB /* Pods_DemoTests.framework */,
			);
			name = Frameworks;
			sourceTree = "<group>";
		};
		141E67521F50ABC100A37114 = {
			isa = PBXGroup;
			children = (
				141E675D1F50ABC100A37114 /* Demo */,
				141E67751F50AC3400A37114 /* DemoTests */,
				141E675C1F50ABC100A37114 /* Products */,
				6050581F8D0FD2DEBE93AAAC /* Pods */,
				0AE05BF78D26C688A67E0039 /* Frameworks */,
			);
			sourceTree = "<group>";
		};
		141E675C1F50ABC100A37114 /* Products */ = {
			isa = PBXGroup;
			children = (
				141E675B1F50ABC100A37114 /* Demo.app */,
				141E67741F50AC3400A37114 /* DemoTests.xctest */,
			);
			name = Products;
			sourceTree = "<group>";
		};
		141E675D1F50ABC100A37114 /* Demo */ = {
			isa = PBXGroup;
			children = (
				147D2B761F50C857003CAF1A /* Database */,
				147D2B731F50C73C003CAF1A /* DataControllers */,
				1436EE631F50B2BB00BCB4A6 /* Extensions */,
				147D2B771F50C860003CAF1A /* Network */,
				1436EE6F1F50B4B800BCB4A6 /* Models */,
				1436EE661F50B2DC00BCB4A6 /* Protocols */,
				1436EE741F50B6A100BCB4A6 /* Types */,
				141E677E1F50AE2300A37114 /* ViewControllers */,
				141E675E1F50ABC100A37114 /* AppDelegate.swift */,
				141E67651F50ABC100A37114 /* Assets.xcassets */,
				141E676A1F50ABC100A37114 /* Info.plist */,
				141E67671F50ABC100A37114 /* LaunchScreen.storyboard */,
			);
			path = Demo;
			sourceTree = "<group>";
		};
		141E67751F50AC3400A37114 /* DemoTests */ = {
			isa = PBXGroup;
			children = (
				141E67781F50AC3400A37114 /* Info.plist */,
			);
			path = DemoTests;
			sourceTree = "<group>";
		};
		141E677E1F50AE2300A37114 /* ViewControllers */ = {
			isa = PBXGroup;
			children = (
				141E677F1F50AE2B00A37114 /* Posts */,
			);
			path = ViewControllers;
			sourceTree = "<group>";
		};
		141E677F1F50AE2B00A37114 /* Posts */ = {
			isa = PBXGroup;
			children = (
				1436EE791F50B92B00BCB4A6 /* ViewModels */,
				1436EE691F50B3FE00BCB4A6 /* Views */,
				141E67801F50AE5800A37114 /* PostsViewController.swift */,
				141E67811F50AE5800A37114 /* PostsViewController.xib */,
			);
			path = Posts;
			sourceTree = "<group>";
		};
		1436EE631F50B2BB00BCB4A6 /* Extensions */ = {
			isa = PBXGroup;
			children = (
				1436EE641F50B2CF00BCB4A6 /* UITableView+ReusableCell.swift */,
				1436EE7C1F50C4CB00BCB4A6 /* UITableView+Reactive.swift */,
			);
			path = Extensions;
			sourceTree = "<group>";
		};
		1436EE661F50B2DC00BCB4A6 /* Protocols */ = {
			isa = PBXGroup;
			children = (
				1436EE671F50B2E900BCB4A6 /* ReusableCell.swift */,
				1436EE7E1F50C51000BCB4A6 /* ReusableTableViewCell.swift */,
			);
			path = Protocols;
			sourceTree = "<group>";
		};
		1436EE691F50B3FE00BCB4A6 /* Views */ = {
			isa = PBXGroup;
			children = (
				1436EE6A1F50B41000BCB4A6 /* PostTableViewCell */,
			);
			path = Views;
			sourceTree = "<group>";
		};
		1436EE6A1F50B41000BCB4A6 /* PostTableViewCell */ = {
			isa = PBXGroup;
			children = (
				1436EE6B1F50B42B00BCB4A6 /* PostTableViewCell.swift */,
				1436EE6C1F50B42B00BCB4A6 /* PostTableViewCell.xib */,
			);
			path = PostTableViewCell;
			sourceTree = "<group>";
		};
		1436EE6F1F50B4B800BCB4A6 /* Models */ = {
			isa = PBXGroup;
			children = (
				1436EE701F50B4E800BCB4A6 /* Post.swift */,
				1436EE721F50B4FF00BCB4A6 /* User.swift */,
			);
			path = Models;
			sourceTree = "<group>";
		};
		1436EE741F50B6A100BCB4A6 /* Types */ = {
			isa = PBXGroup;
			children = (
				1436EE751F50B6B700BCB4A6 /* Layout.swift */,
			);
			path = Types;
			sourceTree = "<group>";
		};
		1436EE791F50B92B00BCB4A6 /* ViewModels */ = {
			isa = PBXGroup;
			children = (
				1436EE7A1F50B95000BCB4A6 /* PostTableViewCellViewModel.swift */,
			);
			path = ViewModels;
			sourceTree = "<group>";
		};
		147D2B731F50C73C003CAF1A /* DataControllers */ = {
			isa = PBXGroup;
			children = (
				147D2B751F50C753003CAF1A /* Database */,
				147D2B741F50C748003CAF1A /* Network */,
			);
			path = DataControllers;
			sourceTree = "<group>";
		};
		147D2B741F50C748003CAF1A /* Network */ = {
			isa = PBXGroup;
			children = (
			);
			path = Network;
			sourceTree = "<group>";
		};
		147D2B751F50C753003CAF1A /* Database */ = {
			isa = PBXGroup;
			children = (
			);
			path = Database;
			sourceTree = "<group>";
		};
		147D2B761F50C857003CAF1A /* Database */ = {
			isa = PBXGroup;
			children = (
			);
			path = Database;
			sourceTree = "<group>";
		};
		147D2B771F50C860003CAF1A /* Network */ = {
			isa = PBXGroup;
			children = (
				147D2B781F50C892003CAF1A /* Models */,
				147D2B791F50C8A5003CAF1A /* Services */,
				147D2B7C1F50CD05003CAF1A /* Network.swift */,
			);
			path = Network;
			sourceTree = "<group>";
		};
		147D2B781F50C892003CAF1A /* Models */ = {
			isa = PBXGroup;
			children = (
				147D2B7E1F50CF3B003CAF1A /* NetworkPost.swift */,
			);
			path = Models;
			sourceTree = "<group>";
		};
		147D2B791F50C8A5003CAF1A /* Services */ = {
			isa = PBXGroup;
			children = (
				147D2B7A1F50C922003CAF1A /* PostsService.swift */,
			);
			path = Services;
			sourceTree = "<group>";
		};
		6050581F8D0FD2DEBE93AAAC /* Pods */ = {
			isa = PBXGroup;
			children = (
				0EBF1490389F93F5DAEE11EF /* Pods-Demo.debug.xcconfig */,
				F63B202F225E85C3D31F8425 /* Pods-Demo.release.xcconfig */,
				D15A5CE82C1D1E50BC83E21E /* Pods-DemoTests.debug.xcconfig */,
				59B7E98A4A700125294BB3A1 /* Pods-DemoTests.release.xcconfig */,
			);
			name = Pods;
			sourceTree = "<group>";
		};
/* End PBXGroup section */

/* Begin PBXNativeTarget section */
		141E675A1F50ABC100A37114 /* Demo */ = {
			isa = PBXNativeTarget;
			buildConfigurationList = 141E676D1F50ABC100A37114 /* Build configuration list for PBXNativeTarget "Demo" */;
			buildPhases = (
				7CC666EC9FF06E79D3C3B771 /* [CP] Check Pods Manifest.lock */,
				141E67571F50ABC100A37114 /* Sources */,
				141E67581F50ABC100A37114 /* Frameworks */,
				141E67591F50ABC100A37114 /* Resources */,
				9413C32EBD5E26968DBFAB1C /* [CP] Embed Pods Frameworks */,
				7FBC4954801495F76ADAC27A /* [CP] Copy Pods Resources */,
			);
			buildRules = (
			);
			dependencies = (
			);
			name = Demo;
			productName = Demo;
			productReference = 141E675B1F50ABC100A37114 /* Demo.app */;
			productType = "com.apple.product-type.application";
		};
		141E67731F50AC3400A37114 /* DemoTests */ = {
			isa = PBXNativeTarget;
			buildConfigurationList = 141E677D1F50AC3400A37114 /* Build configuration list for PBXNativeTarget "DemoTests" */;
			buildPhases = (
				E8F12C710307A0D85EA38C21 /* [CP] Check Pods Manifest.lock */,
				141E67701F50AC3400A37114 /* Sources */,
				141E67711F50AC3400A37114 /* Frameworks */,
				141E67721F50AC3400A37114 /* Resources */,
				84C4A2838A18332B3E3CBE5D /* [CP] Embed Pods Frameworks */,
				EB4A222513ECE77A6D91DEC2 /* [CP] Copy Pods Resources */,
			);
			buildRules = (
			);
			dependencies = (
				141E677A1F50AC3400A37114 /* PBXTargetDependency */,
			);
			name = DemoTests;
			productName = DemoTests;
			productReference = 141E67741F50AC3400A37114 /* DemoTests.xctest */;
			productType = "com.apple.product-type.bundle.unit-test";
		};
/* End PBXNativeTarget section */

/* Begin PBXProject section */
		141E67531F50ABC100A37114 /* Project object */ = {
			isa = PBXProject;
			attributes = {
				LastSwiftUpdateCheck = 0900;
				LastUpgradeCheck = 0900;
				ORGANIZATIONNAME = "Łukasz Mróz";
				TargetAttributes = {
					141E675A1F50ABC100A37114 = {
						CreatedOnToolsVersion = 9.0;
						ProvisioningStyle = Automatic;
					};
					141E67731F50AC3400A37114 = {
						CreatedOnToolsVersion = 9.0;
						ProvisioningStyle = Automatic;
					};
				};
			};
			buildConfigurationList = 141E67561F50ABC100A37114 /* Build configuration list for PBXProject "Demo" */;
			compatibilityVersion = "Xcode 8.0";
			developmentRegion = en;
			hasScannedForEncodings = 0;
			knownRegions = (
				en,
				Base,
			);
			mainGroup = 141E67521F50ABC100A37114;
			productRefGroup = 141E675C1F50ABC100A37114 /* Products */;
			projectDirPath = "";
			projectRoot = "";
			targets = (
				141E675A1F50ABC100A37114 /* Demo */,
				141E67731F50AC3400A37114 /* DemoTests */,
			);
		};
/* End PBXProject section */

/* Begin PBXResourcesBuildPhase section */
		141E67591F50ABC100A37114 /* Resources */ = {
			isa = PBXResourcesBuildPhase;
			buildActionMask = 2147483647;
			files = (
				141E67691F50ABC100A37114 /* LaunchScreen.storyboard in Resources */,
				141E67661F50ABC100A37114 /* Assets.xcassets in Resources */,
				141E67831F50AE5800A37114 /* PostsViewController.xib in Resources */,
				1436EE6E1F50B42B00BCB4A6 /* PostTableViewCell.xib in Resources */,
			);
			runOnlyForDeploymentPostprocessing = 0;
		};
		141E67721F50AC3400A37114 /* Resources */ = {
			isa = PBXResourcesBuildPhase;
			buildActionMask = 2147483647;
			files = (
			);
			runOnlyForDeploymentPostprocessing = 0;
		};
/* End PBXResourcesBuildPhase section */

/* Begin PBXShellScriptBuildPhase section */
		7CC666EC9FF06E79D3C3B771 /* [CP] Check Pods Manifest.lock */ = {
			isa = PBXShellScriptBuildPhase;
			buildActionMask = 2147483647;
			files = (
			);
			inputPaths = (
				"${PODS_PODFILE_DIR_PATH}/Podfile.lock",
				"${PODS_ROOT}/Manifest.lock",
			);
			name = "[CP] Check Pods Manifest.lock";
			outputPaths = (
				"$(DERIVED_FILE_DIR)/Pods-Demo-checkManifestLockResult.txt",
			);
			runOnlyForDeploymentPostprocessing = 0;
			shellPath = /bin/sh;
			shellScript = "diff \"${PODS_PODFILE_DIR_PATH}/Podfile.lock\" \"${PODS_ROOT}/Manifest.lock\" > /dev/null\nif [ $? != 0 ] ; then\n    # print error to STDERR\n    echo \"error: The sandbox is not in sync with the Podfile.lock. Run 'pod install' or update your CocoaPods installation.\" >&2\n    exit 1\nfi\n# This output is used by Xcode 'outputs' to avoid re-running this script phase.\necho \"SUCCESS\" > \"${SCRIPT_OUTPUT_FILE_0}\"\n";
			showEnvVarsInLog = 0;
		};
		7FBC4954801495F76ADAC27A /* [CP] Copy Pods Resources */ = {
			isa = PBXShellScriptBuildPhase;
			buildActionMask = 2147483647;
			files = (
			);
			inputPaths = (
			);
			name = "[CP] Copy Pods Resources";
			outputPaths = (
			);
			runOnlyForDeploymentPostprocessing = 0;
			shellPath = /bin/sh;
			shellScript = "\"${SRCROOT}/Pods/Target Support Files/Pods-Demo/Pods-Demo-resources.sh\"\n";
			showEnvVarsInLog = 0;
		};
		84C4A2838A18332B3E3CBE5D /* [CP] Embed Pods Frameworks */ = {
			isa = PBXShellScriptBuildPhase;
			buildActionMask = 2147483647;
			files = (
			);
			inputPaths = (
				"${SRCROOT}/Pods/Target Support Files/Pods-DemoTests/Pods-DemoTests-frameworks.sh",
				"${BUILT_PRODUCTS_DIR}/Alamofire/Alamofire.framework",
				"${BUILT_PRODUCTS_DIR}/Moya/Moya.framework",
				"${BUILT_PRODUCTS_DIR}/Result/Result.framework",
				"${BUILT_PRODUCTS_DIR}/RxCocoa/RxCocoa.framework",
				"${BUILT_PRODUCTS_DIR}/RxSwift/RxSwift.framework",
				"${BUILT_PRODUCTS_DIR}/Nimble/Nimble.framework",
				"${BUILT_PRODUCTS_DIR}/Quick/Quick.framework",
				"${BUILT_PRODUCTS_DIR}/RxTest/RxTest.framework",
			);
			name = "[CP] Embed Pods Frameworks";
			outputPaths = (
				"${TARGET_BUILD_DIR}/${FRAMEWORKS_FOLDER_PATH}/Alamofire.framework",
				"${TARGET_BUILD_DIR}/${FRAMEWORKS_FOLDER_PATH}/Moya.framework",
				"${TARGET_BUILD_DIR}/${FRAMEWORKS_FOLDER_PATH}/Result.framework",
				"${TARGET_BUILD_DIR}/${FRAMEWORKS_FOLDER_PATH}/RxCocoa.framework",
				"${TARGET_BUILD_DIR}/${FRAMEWORKS_FOLDER_PATH}/RxSwift.framework",
				"${TARGET_BUILD_DIR}/${FRAMEWORKS_FOLDER_PATH}/Nimble.framework",
				"${TARGET_BUILD_DIR}/${FRAMEWORKS_FOLDER_PATH}/Quick.framework",
				"${TARGET_BUILD_DIR}/${FRAMEWORKS_FOLDER_PATH}/RxTest.framework",
			);
			runOnlyForDeploymentPostprocessing = 0;
			shellPath = /bin/sh;
			shellScript = "\"${SRCROOT}/Pods/Target Support Files/Pods-DemoTests/Pods-DemoTests-frameworks.sh\"\n";
			showEnvVarsInLog = 0;
		};
		9413C32EBD5E26968DBFAB1C /* [CP] Embed Pods Frameworks */ = {
			isa = PBXShellScriptBuildPhase;
			buildActionMask = 2147483647;
			files = (
			);
			inputPaths = (
				"${SRCROOT}/Pods/Target Support Files/Pods-Demo/Pods-Demo-frameworks.sh",
				"${BUILT_PRODUCTS_DIR}/Alamofire/Alamofire.framework",
				"${BUILT_PRODUCTS_DIR}/Moya/Moya.framework",
				"${BUILT_PRODUCTS_DIR}/Result/Result.framework",
				"${BUILT_PRODUCTS_DIR}/RxCocoa/RxCocoa.framework",
				"${BUILT_PRODUCTS_DIR}/RxSwift/RxSwift.framework",
			);
			name = "[CP] Embed Pods Frameworks";
			outputPaths = (
				"${TARGET_BUILD_DIR}/${FRAMEWORKS_FOLDER_PATH}/Alamofire.framework",
				"${TARGET_BUILD_DIR}/${FRAMEWORKS_FOLDER_PATH}/Moya.framework",
				"${TARGET_BUILD_DIR}/${FRAMEWORKS_FOLDER_PATH}/Result.framework",
				"${TARGET_BUILD_DIR}/${FRAMEWORKS_FOLDER_PATH}/RxCocoa.framework",
				"${TARGET_BUILD_DIR}/${FRAMEWORKS_FOLDER_PATH}/RxSwift.framework",
			);
			runOnlyForDeploymentPostprocessing = 0;
			shellPath = /bin/sh;
			shellScript = "\"${SRCROOT}/Pods/Target Support Files/Pods-Demo/Pods-Demo-frameworks.sh\"\n";
			showEnvVarsInLog = 0;
		};
		E8F12C710307A0D85EA38C21 /* [CP] Check Pods Manifest.lock */ = {
			isa = PBXShellScriptBuildPhase;
			buildActionMask = 2147483647;
			files = (
			);
			inputPaths = (
				"${PODS_PODFILE_DIR_PATH}/Podfile.lock",
				"${PODS_ROOT}/Manifest.lock",
			);
			name = "[CP] Check Pods Manifest.lock";
			outputPaths = (
				"$(DERIVED_FILE_DIR)/Pods-DemoTests-checkManifestLockResult.txt",
			);
			runOnlyForDeploymentPostprocessing = 0;
			shellPath = /bin/sh;
			shellScript = "diff \"${PODS_PODFILE_DIR_PATH}/Podfile.lock\" \"${PODS_ROOT}/Manifest.lock\" > /dev/null\nif [ $? != 0 ] ; then\n    # print error to STDERR\n    echo \"error: The sandbox is not in sync with the Podfile.lock. Run 'pod install' or update your CocoaPods installation.\" >&2\n    exit 1\nfi\n# This output is used by Xcode 'outputs' to avoid re-running this script phase.\necho \"SUCCESS\" > \"${SCRIPT_OUTPUT_FILE_0}\"\n";
			showEnvVarsInLog = 0;
		};
		EB4A222513ECE77A6D91DEC2 /* [CP] Copy Pods Resources */ = {
			isa = PBXShellScriptBuildPhase;
			buildActionMask = 2147483647;
			files = (
			);
			inputPaths = (
			);
			name = "[CP] Copy Pods Resources";
			outputPaths = (
			);
			runOnlyForDeploymentPostprocessing = 0;
			shellPath = /bin/sh;
			shellScript = "\"${SRCROOT}/Pods/Target Support Files/Pods-DemoTests/Pods-DemoTests-resources.sh\"\n";
			showEnvVarsInLog = 0;
		};
/* End PBXShellScriptBuildPhase section */

/* Begin PBXSourcesBuildPhase section */
		141E67571F50ABC100A37114 /* Sources */ = {
			isa = PBXSourcesBuildPhase;
			buildActionMask = 2147483647;
			files = (
				147D2B7D1F50CD05003CAF1A /* Network.swift in Sources */,
				1436EE681F50B2E900BCB4A6 /* ReusableCell.swift in Sources */,
				141E67821F50AE5800A37114 /* PostsViewController.swift in Sources */,
				1436EE6D1F50B42B00BCB4A6 /* PostTableViewCell.swift in Sources */,
				1436EE711F50B4E800BCB4A6 /* Post.swift in Sources */,
				1436EE651F50B2CF00BCB4A6 /* UITableView+ReusableCell.swift in Sources */,
				1436EE7B1F50B95000BCB4A6 /* PostTableViewCellViewModel.swift in Sources */,
				1436EE761F50B6B700BCB4A6 /* Layout.swift in Sources */,
				141E675F1F50ABC100A37114 /* AppDelegate.swift in Sources */,
				1436EE7D1F50C4CB00BCB4A6 /* UITableView+Reactive.swift in Sources */,
				147D2B7F1F50CF3B003CAF1A /* NetworkPost.swift in Sources */,
				1436EE731F50B4FF00BCB4A6 /* User.swift in Sources */,
				1436EE7F1F50C51000BCB4A6 /* ReusableTableViewCell.swift in Sources */,
				147D2B7B1F50C922003CAF1A /* PostsService.swift in Sources */,
			);
			runOnlyForDeploymentPostprocessing = 0;
		};
		141E67701F50AC3400A37114 /* Sources */ = {
			isa = PBXSourcesBuildPhase;
			buildActionMask = 2147483647;
			files = (
			);
			runOnlyForDeploymentPostprocessing = 0;
		};
/* End PBXSourcesBuildPhase section */

/* Begin PBXTargetDependency section */
		141E677A1F50AC3400A37114 /* PBXTargetDependency */ = {
			isa = PBXTargetDependency;
			target = 141E675A1F50ABC100A37114 /* Demo */;
			targetProxy = 141E67791F50AC3400A37114 /* PBXContainerItemProxy */;
		};
/* End PBXTargetDependency section */

/* Begin PBXVariantGroup section */
		141E67671F50ABC100A37114 /* LaunchScreen.storyboard */ = {
			isa = PBXVariantGroup;
			children = (
				141E67681F50ABC100A37114 /* Base */,
			);
			name = LaunchScreen.storyboard;
			sourceTree = "<group>";
		};
/* End PBXVariantGroup section */

/* Begin XCBuildConfiguration section */
		141E676B1F50ABC100A37114 /* Debug */ = {
			isa = XCBuildConfiguration;
			buildSettings = {
				ALWAYS_SEARCH_USER_PATHS = NO;
				CLANG_ANALYZER_NONNULL = YES;
				CLANG_ANALYZER_NUMBER_OBJECT_CONVERSION = YES_AGGRESSIVE;
				CLANG_CXX_LANGUAGE_STANDARD = "gnu++14";
				CLANG_CXX_LIBRARY = "libc++";
				CLANG_ENABLE_MODULES = YES;
				CLANG_ENABLE_OBJC_ARC = YES;
				CLANG_WARN_BLOCK_CAPTURE_AUTORELEASING = YES;
				CLANG_WARN_BOOL_CONVERSION = YES;
				CLANG_WARN_COMMA = YES;
				CLANG_WARN_CONSTANT_CONVERSION = YES;
				CLANG_WARN_DIRECT_OBJC_ISA_USAGE = YES_ERROR;
				CLANG_WARN_DOCUMENTATION_COMMENTS = YES;
				CLANG_WARN_EMPTY_BODY = YES;
				CLANG_WARN_ENUM_CONVERSION = YES;
				CLANG_WARN_INFINITE_RECURSION = YES;
				CLANG_WARN_INT_CONVERSION = YES;
				CLANG_WARN_NON_LITERAL_NULL_CONVERSION = YES;
				CLANG_WARN_OBJC_LITERAL_CONVERSION = YES;
				CLANG_WARN_OBJC_ROOT_CLASS = YES_ERROR;
				CLANG_WARN_RANGE_LOOP_ANALYSIS = YES;
				CLANG_WARN_STRICT_PROTOTYPES = YES;
				CLANG_WARN_SUSPICIOUS_MOVE = YES;
				CLANG_WARN_UNGUARDED_AVAILABILITY = YES_AGGRESSIVE;
				CLANG_WARN_UNREACHABLE_CODE = YES;
				CLANG_WARN__DUPLICATE_METHOD_MATCH = YES;
				CODE_SIGN_IDENTITY = "iPhone Developer";
				COPY_PHASE_STRIP = NO;
				DEBUG_INFORMATION_FORMAT = dwarf;
				ENABLE_STRICT_OBJC_MSGSEND = YES;
				ENABLE_TESTABILITY = YES;
				GCC_C_LANGUAGE_STANDARD = gnu11;
				GCC_DYNAMIC_NO_PIC = NO;
				GCC_NO_COMMON_BLOCKS = YES;
				GCC_OPTIMIZATION_LEVEL = 0;
				GCC_PREPROCESSOR_DEFINITIONS = (
					"DEBUG=1",
					"$(inherited)",
				);
				GCC_WARN_64_TO_32_BIT_CONVERSION = YES;
				GCC_WARN_ABOUT_RETURN_TYPE = YES_ERROR;
				GCC_WARN_UNDECLARED_SELECTOR = YES;
				GCC_WARN_UNINITIALIZED_AUTOS = YES_AGGRESSIVE;
				GCC_WARN_UNUSED_FUNCTION = YES;
				GCC_WARN_UNUSED_VARIABLE = YES;
				IPHONEOS_DEPLOYMENT_TARGET = 9.0;
				MTL_ENABLE_DEBUG_INFO = YES;
				ONLY_ACTIVE_ARCH = YES;
				SDKROOT = iphoneos;
				SWIFT_ACTIVE_COMPILATION_CONDITIONS = DEBUG;
				SWIFT_OPTIMIZATION_LEVEL = "-Onone";
			};
			name = Debug;
		};
		141E676C1F50ABC100A37114 /* Release */ = {
			isa = XCBuildConfiguration;
			buildSettings = {
				ALWAYS_SEARCH_USER_PATHS = NO;
				CLANG_ANALYZER_NONNULL = YES;
				CLANG_ANALYZER_NUMBER_OBJECT_CONVERSION = YES_AGGRESSIVE;
				CLANG_CXX_LANGUAGE_STANDARD = "gnu++14";
				CLANG_CXX_LIBRARY = "libc++";
				CLANG_ENABLE_MODULES = YES;
				CLANG_ENABLE_OBJC_ARC = YES;
				CLANG_WARN_BLOCK_CAPTURE_AUTORELEASING = YES;
				CLANG_WARN_BOOL_CONVERSION = YES;
				CLANG_WARN_COMMA = YES;
				CLANG_WARN_CONSTANT_CONVERSION = YES;
				CLANG_WARN_DIRECT_OBJC_ISA_USAGE = YES_ERROR;
				CLANG_WARN_DOCUMENTATION_COMMENTS = YES;
				CLANG_WARN_EMPTY_BODY = YES;
				CLANG_WARN_ENUM_CONVERSION = YES;
				CLANG_WARN_INFINITE_RECURSION = YES;
				CLANG_WARN_INT_CONVERSION = YES;
				CLANG_WARN_NON_LITERAL_NULL_CONVERSION = YES;
				CLANG_WARN_OBJC_LITERAL_CONVERSION = YES;
				CLANG_WARN_OBJC_ROOT_CLASS = YES_ERROR;
				CLANG_WARN_RANGE_LOOP_ANALYSIS = YES;
				CLANG_WARN_STRICT_PROTOTYPES = YES;
				CLANG_WARN_SUSPICIOUS_MOVE = YES;
				CLANG_WARN_UNGUARDED_AVAILABILITY = YES_AGGRESSIVE;
				CLANG_WARN_UNREACHABLE_CODE = YES;
				CLANG_WARN__DUPLICATE_METHOD_MATCH = YES;
				CODE_SIGN_IDENTITY = "iPhone Developer";
				COPY_PHASE_STRIP = NO;
				DEBUG_INFORMATION_FORMAT = "dwarf-with-dsym";
				ENABLE_NS_ASSERTIONS = NO;
				ENABLE_STRICT_OBJC_MSGSEND = YES;
				GCC_C_LANGUAGE_STANDARD = gnu11;
				GCC_NO_COMMON_BLOCKS = YES;
				GCC_WARN_64_TO_32_BIT_CONVERSION = YES;
				GCC_WARN_ABOUT_RETURN_TYPE = YES_ERROR;
				GCC_WARN_UNDECLARED_SELECTOR = YES;
				GCC_WARN_UNINITIALIZED_AUTOS = YES_AGGRESSIVE;
				GCC_WARN_UNUSED_FUNCTION = YES;
				GCC_WARN_UNUSED_VARIABLE = YES;
				IPHONEOS_DEPLOYMENT_TARGET = 9.0;
				MTL_ENABLE_DEBUG_INFO = NO;
				SDKROOT = iphoneos;
				SWIFT_OPTIMIZATION_LEVEL = "-Owholemodule";
				VALIDATE_PRODUCT = YES;
			};
			name = Release;
		};
		141E676E1F50ABC100A37114 /* Debug */ = {
			isa = XCBuildConfiguration;
			baseConfigurationReference = 0EBF1490389F93F5DAEE11EF /* Pods-Demo.debug.xcconfig */;
			buildSettings = {
				ASSETCATALOG_COMPILER_APPICON_NAME = AppIcon;
				CODE_SIGN_STYLE = Automatic;
				DEVELOPMENT_TEAM = CCHRC6DB43;
				INFOPLIST_FILE = Demo/Info.plist;
				LD_RUNPATH_SEARCH_PATHS = "$(inherited) @executable_path/Frameworks";
				PRODUCT_BUNDLE_IDENTIFIER = com.sunshinejr.dummy1.Demo;
				PRODUCT_NAME = "$(TARGET_NAME)";
				SWIFT_VERSION = 4.0;
				TARGETED_DEVICE_FAMILY = "1,2";
			};
			name = Debug;
		};
		141E676F1F50ABC100A37114 /* Release */ = {
			isa = XCBuildConfiguration;
			baseConfigurationReference = F63B202F225E85C3D31F8425 /* Pods-Demo.release.xcconfig */;
			buildSettings = {
				ASSETCATALOG_COMPILER_APPICON_NAME = AppIcon;
				CODE_SIGN_STYLE = Automatic;
				DEVELOPMENT_TEAM = CCHRC6DB43;
				INFOPLIST_FILE = Demo/Info.plist;
				LD_RUNPATH_SEARCH_PATHS = "$(inherited) @executable_path/Frameworks";
				PRODUCT_BUNDLE_IDENTIFIER = com.sunshinejr.dummy1.Demo;
				PRODUCT_NAME = "$(TARGET_NAME)";
				SWIFT_VERSION = 4.0;
				TARGETED_DEVICE_FAMILY = "1,2";
			};
			name = Release;
		};
		141E677B1F50AC3400A37114 /* Debug */ = {
			isa = XCBuildConfiguration;
			baseConfigurationReference = D15A5CE82C1D1E50BC83E21E /* Pods-DemoTests.debug.xcconfig */;
			buildSettings = {
				CODE_SIGN_STYLE = Automatic;
				DEVELOPMENT_TEAM = CCHRC6DB43;
				INFOPLIST_FILE = DemoTests/Info.plist;
				LD_RUNPATH_SEARCH_PATHS = "$(inherited) @executable_path/Frameworks @loader_path/Frameworks";
				PRODUCT_BUNDLE_IDENTIFIER = com.sunshinejr.dummy1.DemoTests;
				PRODUCT_NAME = "$(TARGET_NAME)";
				SWIFT_VERSION = 4.0;
				TARGETED_DEVICE_FAMILY = "1,2";
			};
			name = Debug;
		};
		141E677C1F50AC3400A37114 /* Release */ = {
			isa = XCBuildConfiguration;
			baseConfigurationReference = 59B7E98A4A700125294BB3A1 /* Pods-DemoTests.release.xcconfig */;
			buildSettings = {
				CODE_SIGN_STYLE = Automatic;
				DEVELOPMENT_TEAM = CCHRC6DB43;
				INFOPLIST_FILE = DemoTests/Info.plist;
				LD_RUNPATH_SEARCH_PATHS = "$(inherited) @executable_path/Frameworks @loader_path/Frameworks";
				PRODUCT_BUNDLE_IDENTIFIER = com.sunshinejr.dummy1.DemoTests;
				PRODUCT_NAME = "$(TARGET_NAME)";
				SWIFT_VERSION = 4.0;
				TARGETED_DEVICE_FAMILY = "1,2";
			};
			name = Release;
		};
/* End XCBuildConfiguration section */

/* Begin XCConfigurationList section */
		141E67561F50ABC100A37114 /* Build configuration list for PBXProject "Demo" */ = {
			isa = XCConfigurationList;
			buildConfigurations = (
				141E676B1F50ABC100A37114 /* Debug */,
				141E676C1F50ABC100A37114 /* Release */,
			);
			defaultConfigurationIsVisible = 0;
			defaultConfigurationName = Release;
		};
		141E676D1F50ABC100A37114 /* Build configuration list for PBXNativeTarget "Demo" */ = {
			isa = XCConfigurationList;
			buildConfigurations = (
				141E676E1F50ABC100A37114 /* Debug */,
				141E676F1F50ABC100A37114 /* Release */,
			);
			defaultConfigurationIsVisible = 0;
			defaultConfigurationName = Release;
		};
		141E677D1F50AC3400A37114 /* Build configuration list for PBXNativeTarget "DemoTests" */ = {
			isa = XCConfigurationList;
			buildConfigurations = (
				141E677B1F50AC3400A37114 /* Debug */,
				141E677C1F50AC3400A37114 /* Release */,
			);
			defaultConfigurationIsVisible = 0;
			defaultConfigurationName = Release;
		};
/* End XCConfigurationList section */
	};
	rootObject = 141E67531F50ABC100A37114 /* Project object */;
}
